// !$*UTF8*$!
{
	archiveVersion = 1;
	classes = {
	};
	objectVersion = 50;
	objects = {

/* Begin PBXBuildFile section */
		E57667862393B6D7002CF689 /* AppDelegate.swift in Sources */ = {isa = PBXBuildFile; fileRef = E57667852393B6D7002CF689 /* AppDelegate.swift */; };
		E57667882393B6D7002CF689 /* SceneDelegate.swift in Sources */ = {isa = PBXBuildFile; fileRef = E57667872393B6D7002CF689 /* SceneDelegate.swift */; };
		E576678A2393B6D7002CF689 /* ViewController.swift in Sources */ = {isa = PBXBuildFile; fileRef = E57667892393B6D7002CF689 /* ViewController.swift */; };
		E576678D2393B6D7002CF689 /* Main.storyboard in Resources */ = {isa = PBXBuildFile; fileRef = E576678B2393B6D7002CF689 /* Main.storyboard */; };
		E576678F2393B6D8002CF689 /* Assets.xcassets in Resources */ = {isa = PBXBuildFile; fileRef = E576678E2393B6D8002CF689 /* Assets.xcassets */; };
		E57667922393B6D8002CF689 /* LaunchScreen.storyboard in Resources */ = {isa = PBXBuildFile; fileRef = E57667902393B6D8002CF689 /* LaunchScreen.storyboard */; };
		E576679A2393B89C002CF689 /* DetailViewController.swift in Sources */ = {isa = PBXBuildFile; fileRef = E57667992393B89C002CF689 /* DetailViewController.swift */; };
		E5DC5A9C2394989C0091E3B0 /* Note.swift in Sources */ = {isa = PBXBuildFile; fileRef = E5DC5A9B2394989C0091E3B0 /* Note.swift */; };
/* End PBXBuildFile section */

/* Begin PBXFileReference section */
		E57667822393B6D6002CF689 /* Milestone 7.app */ = {isa = PBXFileReference; explicitFileType = wrapper.application; includeInIndex = 0; path = "Milestone 7.app"; sourceTree = BUILT_PRODUCTS_DIR; };
		E57667852393B6D7002CF689 /* AppDelegate.swift */ = {isa = PBXFileReference; lastKnownFileType = sourcecode.swift; path = AppDelegate.swift; sourceTree = "<group>"; };
		E57667872393B6D7002CF689 /* SceneDelegate.swift */ = {isa = PBXFileReference; lastKnownFileType = sourcecode.swift; path = SceneDelegate.swift; sourceTree = "<group>"; };
		E57667892393B6D7002CF689 /* ViewController.swift */ = {isa = PBXFileReference; lastKnownFileType = sourcecode.swift; path = ViewController.swift; sourceTree = "<group>"; };
		E576678C2393B6D7002CF689 /* Base */ = {isa = PBXFileReference; lastKnownFileType = file.storyboard; name = Base; path = Base.lproj/Main.storyboard; sourceTree = "<group>"; };
		E576678E2393B6D8002CF689 /* Assets.xcassets */ = {isa = PBXFileReference; lastKnownFileType = folder.assetcatalog; path = Assets.xcassets; sourceTree = "<group>"; };
		E57667912393B6D8002CF689 /* Base */ = {isa = PBXFileReference; lastKnownFileType = file.storyboard; name = Base; path = Base.lproj/LaunchScreen.storyboard; sourceTree = "<group>"; };
		E57667932393B6D8002CF689 /* Info.plist */ = {isa = PBXFileReference; lastKnownFileType = text.plist.xml; path = Info.plist; sourceTree = "<group>"; };
		E57667992393B89C002CF689 /* DetailViewController.swift */ = {isa = PBXFileReference; lastKnownFileType = sourcecode.swift; path = DetailViewController.swift; sourceTree = "<group>"; };
		E5DC5A9B2394989C0091E3B0 /* Note.swift */ = {isa = PBXFileReference; lastKnownFileType = sourcecode.swift; path = Note.swift; sourceTree = "<group>"; };
/* End PBXFileReference section */

/* Begin PBXFrameworksBuildPhase section */
		E576677F2393B6D6002CF689 /* Frameworks */ = {
			isa = PBXFrameworksBuildPhase;
			buildActionMask = 2147483647;
			files = (
			);
			runOnlyForDeploymentPostprocessing = 0;
		};
/* End PBXFrameworksBuildPhase section */

/* Begin PBXGroup section */
		E57667792393B6D6002CF689 = {
			isa = PBXGroup;
			children = (
				E57667842393B6D6002CF689 /* Milestone 7 */,
				E57667832393B6D6002CF689 /* Products */,
			);
			sourceTree = "<group>";
		};
		E57667832393B6D6002CF689 /* Products */ = {
			isa = PBXGroup;
			children = (
				E57667822393B6D6002CF689 /* Milestone 7.app */,
			);
			name = Products;
			sourceTree = "<group>";
		};
		E57667842393B6D6002CF689 /* Milestone 7 */ = {
			isa = PBXGroup;
			children = (
				E57667852393B6D7002CF689 /* AppDelegate.swift */,
				E57667872393B6D7002CF689 /* SceneDelegate.swift */,
				E57667892393B6D7002CF689 /* ViewController.swift */,
				E57667992393B89C002CF689 /* DetailViewController.swift */,
				E5DC5A9B2394989C0091E3B0 /* Note.swift */,
				E576678B2393B6D7002CF689 /* Main.storyboard */,
				E576678E2393B6D8002CF689 /* Assets.xcassets */,
				E57667902393B6D8002CF689 /* LaunchScreen.storyboard */,
				E57667932393B6D8002CF689 /* Info.plist */,
			);
			path = "Milestone 7";
			sourceTree = "<group>";
		};
/* End PBXGroup section */

/* Begin PBXNativeTarget section */
		E57667812393B6D6002CF689 /* Milestone 7 */ = {
			isa = PBXNativeTarget;
			buildConfigurationList = E57667962393B6D8002CF689 /* Build configuration list for PBXNativeTarget "Milestone 7" */;
			buildPhases = (
				E576677E2393B6D6002CF689 /* Sources */,
				E576677F2393B6D6002CF689 /* Frameworks */,
				E57667802393B6D6002CF689 /* Resources */,
			);
			buildRules = (
			);
			dependencies = (
			);
			name = "Milestone 7";
			productName = "Milestone 7";
			productReference = E57667822393B6D6002CF689 /* Milestone 7.app */;
			productType = "com.apple.product-type.application";
		};
/* End PBXNativeTarget section */

/* Begin PBXProject section */
		E576677A2393B6D6002CF689 /* Project object */ = {
			isa = PBXProject;
			attributes = {
				LastSwiftUpdateCheck = 1120;
				LastUpgradeCheck = 1120;
				ORGANIZATIONNAME = "Felix Lin";
				TargetAttributes = {
					E57667812393B6D6002CF689 = {
						CreatedOnToolsVersion = 11.2.1;
					};
				};
			};
			buildConfigurationList = E576677D2393B6D6002CF689 /* Build configuration list for PBXProject "Milestone 7" */;
			compatibilityVersion = "Xcode 9.3";
			developmentRegion = en;
			hasScannedForEncodings = 0;
			knownRegions = (
				en,
				Base,
			);
			mainGroup = E57667792393B6D6002CF689;
			productRefGroup = E57667832393B6D6002CF689 /* Products */;
			projectDirPath = "";
			projectRoot = "";
			targets = (
				E57667812393B6D6002CF689 /* Milestone 7 */,
			);
		};
/* End PBXProject section */

/* Begin PBXResourcesBuildPhase section */
		E57667802393B6D6002CF689 /* Resources */ = {
			isa = PBXResourcesBuildPhase;
			buildActionMask = 2147483647;
			files = (
				E57667922393B6D8002CF689 /* LaunchScreen.storyboard in Resources */,
				E576678F2393B6D8002CF689 /* Assets.xcassets in Resources */,
				E576678D2393B6D7002CF689 /* Main.storyboard in Resources */,
			);
			runOnlyForDeploymentPostprocessing = 0;
		};
/* End PBXResourcesBuildPhase section */

/* Begin PBXSourcesBuildPhase section */
		E576677E2393B6D6002CF689 /* Sources */ = {
			isa = PBXSourcesBuildPhase;
			buildActionMask = 2147483647;
			files = (
				E5DC5A9C2394989C0091E3B0 /* Note.swift in Sources */,
				E576678A2393B6D7002CF689 /* ViewController.swift in Sources */,
				E57667862393B6D7002CF689 /* AppDelegate.swift in Sources */,
				E57667882393B6D7002CF689 /* SceneDelegate.swift in Sources */,
				E576679A2393B89C002CF689 /* DetailViewController.swift in Sources */,
			);
			runOnlyForDeploymentPostprocessing = 0;
		};
/* End PBXSourcesBuildPhase section */

/* Begin PBXVariantGroup section */
		E576678B2393B6D7002CF689 /* Main.storyboard */ = {
			isa = PBXVariantGroup;
			children = (
				E576678C2393B6D7002CF689 /* Base */,
			);
			name = Main.storyboard;
			sourceTree = "<group>";
		};
		E57667902393B6D8002CF689 /* LaunchScreen.storyboard */ = {
			isa = PBXVariantGroup;
			children = (
				E57667912393B6D8002CF689 /* Base */,
			);
			name = LaunchScreen.storyboard;
			sourceTree = "<group>";
		};
/* End PBXVariantGroup section */

/* Begin XCBuildConfiguration section */
		E57667942393B6D8002CF689 /* Debug */ = {
			isa = XCBuildConfiguration;
			buildSettings = {
				ALWAYS_SEARCH_USER_PATHS = NO;
				CLANG_ANALYZER_NONNULL = YES;
				CLANG_ANALYZER_NUMBER_OBJECT_CONVERSION = YES_AGGRESSIVE;
				CLANG_CXX_LANGUAGE_STANDARD = "gnu++14";
				CLANG_CXX_LIBRARY = "libc++";
				CLANG_ENABLE_MODULES = YES;
				CLANG_ENABLE_OBJC_ARC = YES;
				CLANG_ENABLE_OBJC_WEAK = YES;
				CLANG_WARN_BLOCK_CAPTURE_AUTORELEASING = YES;
				CLANG_WARN_BOOL_CONVERSION = YES;
				CLANG_WARN_COMMA = YES;
				CLANG_WARN_CONSTANT_CONVERSION = YES;
				CLANG_WARN_DEPRECATED_OBJC_IMPLEMENTATIONS = YES;
				CLANG_WARN_DIRECT_OBJC_ISA_USAGE = YES_ERROR;
				CLANG_WARN_DOCUMENTATION_COMMENTS = YES;
				CLANG_WARN_EMPTY_BODY = YES;
				CLANG_WARN_ENUM_CONVERSION = YES;
				CLANG_WARN_INFINITE_RECURSION = YES;
				CLANG_WARN_INT_CONVERSION = YES;
				CLANG_WARN_NON_LITERAL_NULL_CONVERSION = YES;
				CLANG_WARN_OBJC_IMPLICIT_RETAIN_SELF = YES;
				CLANG_WARN_OBJC_LITERAL_CONVERSION = YES;
				CLANG_WARN_OBJC_ROOT_CLASS = YES_ERROR;
				CLANG_WARN_RANGE_LOOP_ANALYSIS = YES;
				CLANG_WARN_STRICT_PROTOTYPES = YES;
				CLANG_WARN_SUSPICIOUS_MOVE = YES;
				CLANG_WARN_UNGUARDED_AVAILABILITY = YES_AGGRESSIVE;
				CLANG_WARN_UNREACHABLE_CODE = YES;
				CLANG_WARN__DUPLICATE_METHOD_MATCH = YES;
				COPY_PHASE_STRIP = NO;
				DEBUG_INFORMATION_FORMAT = dwarf;
				ENABLE_STRICT_OBJC_MSGSEND = YES;
				ENABLE_TESTABILITY = YES;
				GCC_C_LANGUAGE_STANDARD = gnu11;
				GCC_DYNAMIC_NO_PIC = NO;
				GCC_NO_COMMON_BLOCKS = YES;
				GCC_OPTIMIZATION_LEVEL = 0;
				GCC_PREPROCESSOR_DEFINITIONS = (
					"DEBUG=1",
					"$(inherited)",
				);
				GCC_WARN_64_TO_32_BIT_CONVERSION = YES;
				GCC_WARN_ABOUT_RETURN_TYPE = YES_ERROR;
				GCC_WARN_UNDECLARED_SELECTOR = YES;
				GCC_WARN_UNINITIALIZED_AUTOS = YES_AGGRESSIVE;
				GCC_WARN_UNUSED_FUNCTION = YES;
				GCC_WARN_UNUSED_VARIABLE = YES;
				IPHONEOS_DEPLOYMENT_TARGET = 13.2;
				MTL_ENABLE_DEBUG_INFO = INCLUDE_SOURCE;
				MTL_FAST_MATH = YES;
				ONLY_ACTIVE_ARCH = YES;
				SDKROOT = iphoneos;
				SWIFT_ACTIVE_COMPILATION_CONDITIONS = DEBUG;
				SWIFT_OPTIMIZATION_LEVEL = "-Onone";
			};
			name = Debug;
		};
		E57667952393B6D8002CF689 /* Release */ = {
			isa = XCBuildConfiguration;
			buildSettings = {
				ALWAYS_SEARCH_USER_PATHS = NO;
				CLANG_ANALYZER_NONNULL = YES;
				CLANG_ANALYZER_NUMBER_OBJECT_CONVERSION = YES_AGGRESSIVE;
				CLANG_CXX_LANGUAGE_STANDARD = "gnu++14";
				CLANG_CXX_LIBRARY = "libc++";
				CLANG_ENABLE_MODULES = YES;
				CLANG_ENABLE_OBJC_ARC = YES;
				CLANG_ENABLE_OBJC_WEAK = YES;
				CLANG_WARN_BLOCK_CAPTURE_AUTORELEASING = YES;
				CLANG_WARN_BOOL_CONVERSION = YES;
				CLANG_WARN_COMMA = YES;
				CLANG_WARN_CONSTANT_CONVERSION = YES;
				CLANG_WARN_DEPRECATED_OBJC_IMPLEMENTATIONS = YES;
				CLANG_WARN_DIRECT_OBJC_ISA_USAGE = YES_ERROR;
				CLANG_WARN_DOCUMENTATION_COMMENTS = YES;
				CLANG_WARN_EMPTY_BODY = YES;
				CLANG_WARN_ENUM_CONVERSION = YES;
				CLANG_WARN_INFINITE_RECURSION = YES;
				CLANG_WARN_INT_CONVERSION = YES;
				CLANG_WARN_NON_LITERAL_NULL_CONVERSION = YES;
				CLANG_WARN_OBJC_IMPLICIT_RETAIN_SELF = YES;
				CLANG_WARN_OBJC_LITERAL_CONVERSION = YES;
				CLANG_WARN_OBJC_ROOT_CLASS = YES_ERROR;
				CLANG_WARN_RANGE_LOOP_ANALYSIS = YES;
				CLANG_WARN_STRICT_PROTOTYPES = YES;
				CLANG_WARN_SUSPICIOUS_MOVE = YES;
				CLANG_WARN_UNGUARDED_AVAILABILITY = YES_AGGRESSIVE;
				CLANG_WARN_UNREACHABLE_CODE = YES;
				CLANG_WARN__DUPLICATE_METHOD_MATCH = YES;
				COPY_PHASE_STRIP = NO;
				DEBUG_INFORMATION_FORMAT = "dwarf-with-dsym";
				ENABLE_NS_ASSERTIONS = NO;
				ENABLE_STRICT_OBJC_MSGSEND = YES;
				GCC_C_LANGUAGE_STANDARD = gnu11;
				GCC_NO_COMMON_BLOCKS = YES;
				GCC_WARN_64_TO_32_BIT_CONVERSION = YES;
				GCC_WARN_ABOUT_RETURN_TYPE = YES_ERROR;
				GCC_WARN_UNDECLARED_SELECTOR = YES;
				GCC_WARN_UNINITIALIZED_AUTOS = YES_AGGRESSIVE;
				GCC_WARN_UNUSED_FUNCTION = YES;
				GCC_WARN_UNUSED_VARIABLE = YES;
				IPHONEOS_DEPLOYMENT_TARGET = 13.2;
				MTL_ENABLE_DEBUG_INFO = NO;
				MTL_FAST_MATH = YES;
				SDKROOT = iphoneos;
				SWIFT_COMPILATION_MODE = wholemodule;
				SWIFT_OPTIMIZATION_LEVEL = "-O";
				VALIDATE_PRODUCT = YES;
			};
			name = Release;
		};
		E57667972393B6D8002CF689 /* Debug */ = {
			isa = XCBuildConfiguration;
			buildSettings = {
				ASSETCATALOG_COMPILER_APPICON_NAME = AppIcon;
				CODE_SIGN_STYLE = Automatic;
				DEVELOPMENT_TEAM = MVGPSPVTNC;
				INFOPLIST_FILE = "Milestone 7/Info.plist";
				LD_RUNPATH_SEARCH_PATHS = (
					"$(inherited)",
					"@executable_path/Frameworks",
				);
				PRODUCT_BUNDLE_IDENTIFIER = "com.felix.Milestone-7";
				PRODUCT_NAME = "$(TARGET_NAME)";
				SWIFT_VERSION = 5.0;
				TARGETED_DEVICE_FAMILY = "1,2";
			};
			name = Debug;
		};
		E57667982393B6D8002CF689 /* Release */ = {
			isa = XCBuildConfiguration;
			buildSettings = {
				ASSETCATALOG_COMPILER_APPICON_NAME = AppIcon;
				CODE_SIGN_STYLE = Automatic;
				DEVELOPMENT_TEAM = MVGPSPVTNC;
				INFOPLIST_FILE = "Milestone 7/Info.plist";
				LD_RUNPATH_SEARCH_PATHS = (
					"$(inherited)",
					"@executable_path/Frameworks",
				);
				PRODUCT_BUNDLE_IDENTIFIER = "com.felix.Milestone-7";
				PRODUCT_NAME = "$(TARGET_NAME)";
				SWIFT_VERSION = 5.0;
				TARGETED_DEVICE_FAMILY = "1,2";
			};
			name = Release;
		};
/* End XCBuildConfiguration section */

/* Begin XCConfigurationList section */
		E576677D2393B6D6002CF689 /* Build configuration list for PBXProject "Milestone 7" */ = {
			isa = XCConfigurationList;
			buildConfigurations = (
				E57667942393B6D8002CF689 /* Debug */,
				E57667952393B6D8002CF689 /* Release */,
			);
			defaultConfigurationIsVisible = 0;
			defaultConfigurationName = Release;
		};
		E57667962393B6D8002CF689 /* Build configuration list for PBXNativeTarget "Milestone 7" */ = {
			isa = XCConfigurationList;
			buildConfigurations = (
				E57667972393B6D8002CF689 /* Debug */,
				E57667982393B6D8002CF689 /* Release */,
			);
			defaultConfigurationIsVisible = 0;
			defaultConfigurationName = Release;
		};
/* End XCConfigurationList section */
	};
	rootObject = E576677A2393B6D6002CF689 /* Project object */;
}
