// !$*UTF8*$!
{
	archiveVersion = 1;
	classes = {
	};
	objectVersion = 50;
	objects = {

/* Begin PBXBuildFile section */
		C26108F123A07BC5006083CA /* AppDelegate.swift in Sources */ = {isa = PBXBuildFile; fileRef = C26108F023A07BC5006083CA /* AppDelegate.swift */; };
		C26108F323A07BC5006083CA /* GameScene.sks in Resources */ = {isa = PBXBuildFile; fileRef = C26108F223A07BC5006083CA /* GameScene.sks */; };
		C26108F723A07BC5006083CA /* GameScene.swift in Sources */ = {isa = PBXBuildFile; fileRef = C26108F623A07BC5006083CA /* GameScene.swift */; };
		C26108F923A07BC5006083CA /* GameViewController.swift in Sources */ = {isa = PBXBuildFile; fileRef = C26108F823A07BC5006083CA /* GameViewController.swift */; };
		C26108FC23A07BC5006083CA /* Main.storyboard in Resources */ = {isa = PBXBuildFile; fileRef = C26108FA23A07BC5006083CA /* Main.storyboard */; };
		C26108FE23A07BC6006083CA /* Assets.xcassets in Resources */ = {isa = PBXBuildFile; fileRef = C26108FD23A07BC6006083CA /* Assets.xcassets */; };
		C261090123A07BC6006083CA /* LaunchScreen.storyboard in Resources */ = {isa = PBXBuildFile; fileRef = C26108FF23A07BC6006083CA /* LaunchScreen.storyboard */; };
		C261090923A07C34006083CA /* level1.txt in Resources */ = {isa = PBXBuildFile; fileRef = C261090823A07C33006083CA /* level1.txt */; };
/* End PBXBuildFile section */

/* Begin PBXFileReference section */
		C26108ED23A07BC5006083CA /* Marble Maze.app */ = {isa = PBXFileReference; explicitFileType = wrapper.application; includeInIndex = 0; path = "Marble Maze.app"; sourceTree = BUILT_PRODUCTS_DIR; };
		C26108F023A07BC5006083CA /* AppDelegate.swift */ = {isa = PBXFileReference; lastKnownFileType = sourcecode.swift; path = AppDelegate.swift; sourceTree = "<group>"; };
		C26108F223A07BC5006083CA /* GameScene.sks */ = {isa = PBXFileReference; lastKnownFileType = file.sks; path = GameScene.sks; sourceTree = "<group>"; };
		C26108F623A07BC5006083CA /* GameScene.swift */ = {isa = PBXFileReference; lastKnownFileType = sourcecode.swift; path = GameScene.swift; sourceTree = "<group>"; };
		C26108F823A07BC5006083CA /* GameViewController.swift */ = {isa = PBXFileReference; lastKnownFileType = sourcecode.swift; path = GameViewController.swift; sourceTree = "<group>"; };
		C26108FB23A07BC5006083CA /* Base */ = {isa = PBXFileReference; lastKnownFileType = file.storyboard; name = Base; path = Base.lproj/Main.storyboard; sourceTree = "<group>"; };
		C26108FD23A07BC6006083CA /* Assets.xcassets */ = {isa = PBXFileReference; lastKnownFileType = folder.assetcatalog; path = Assets.xcassets; sourceTree = "<group>"; };
		C261090023A07BC6006083CA /* Base */ = {isa = PBXFileReference; lastKnownFileType = file.storyboard; name = Base; path = Base.lproj/LaunchScreen.storyboard; sourceTree = "<group>"; };
		C261090223A07BC6006083CA /* Info.plist */ = {isa = PBXFileReference; lastKnownFileType = text.plist.xml; path = Info.plist; sourceTree = "<group>"; };
		C261090823A07C33006083CA /* level1.txt */ = {isa = PBXFileReference; fileEncoding = 4; lastKnownFileType = text; path = level1.txt; sourceTree = "<group>"; };
/* End PBXFileReference section */

/* Begin PBXFrameworksBuildPhase section */
		C26108EA23A07BC5006083CA /* Frameworks */ = {
			isa = PBXFrameworksBuildPhase;
			buildActionMask = 2147483647;
			files = (
			);
			runOnlyForDeploymentPostprocessing = 0;
		};
/* End PBXFrameworksBuildPhase section */

/* Begin PBXGroup section */
		C26108E423A07BC5006083CA = {
			isa = PBXGroup;
			children = (
				C26108EF23A07BC5006083CA /* Marble Maze */,
				C26108EE23A07BC5006083CA /* Products */,
			);
			sourceTree = "<group>";
		};
		C26108EE23A07BC5006083CA /* Products */ = {
			isa = PBXGroup;
			children = (
				C26108ED23A07BC5006083CA /* Marble Maze.app */,
			);
			name = Products;
			sourceTree = "<group>";
		};
		C26108EF23A07BC5006083CA /* Marble Maze */ = {
			isa = PBXGroup;
			children = (
				C26108F023A07BC5006083CA /* AppDelegate.swift */,
				C26108F223A07BC5006083CA /* GameScene.sks */,
				C26108F623A07BC5006083CA /* GameScene.swift */,
				C26108F823A07BC5006083CA /* GameViewController.swift */,
				C26108FA23A07BC5006083CA /* Main.storyboard */,
				C26108FD23A07BC6006083CA /* Assets.xcassets */,
				C26108FF23A07BC6006083CA /* LaunchScreen.storyboard */,
				C261090223A07BC6006083CA /* Info.plist */,
				C261090823A07C33006083CA /* level1.txt */,
			);
			path = "Marble Maze";
			sourceTree = "<group>";
		};
/* End PBXGroup section */

/* Begin PBXNativeTarget section */
		C26108EC23A07BC5006083CA /* Marble Maze */ = {
			isa = PBXNativeTarget;
			buildConfigurationList = C261090523A07BC6006083CA /* Build configuration list for PBXNativeTarget "Marble Maze" */;
			buildPhases = (
				C26108E923A07BC5006083CA /* Sources */,
				C26108EA23A07BC5006083CA /* Frameworks */,
				C26108EB23A07BC5006083CA /* Resources */,
			);
			buildRules = (
			);
			dependencies = (
			);
			name = "Marble Maze";
			productName = "Marble Maze";
			productReference = C26108ED23A07BC5006083CA /* Marble Maze.app */;
			productType = "com.apple.product-type.application";
		};
/* End PBXNativeTarget section */

/* Begin PBXProject section */
		C26108E523A07BC5006083CA /* Project object */ = {
			isa = PBXProject;
			attributes = {
				LastSwiftUpdateCheck = 1130;
				LastUpgradeCheck = 1130;
				ORGANIZATIONNAME = "Felix Lin";
				TargetAttributes = {
					C26108EC23A07BC5006083CA = {
						CreatedOnToolsVersion = 11.3;
					};
				};
			};
			buildConfigurationList = C26108E823A07BC5006083CA /* Build configuration list for PBXProject "Marble Maze" */;
			compatibilityVersion = "Xcode 9.3";
			developmentRegion = en;
			hasScannedForEncodings = 0;
			knownRegions = (
				en,
				Base,
			);
			mainGroup = C26108E423A07BC5006083CA;
			productRefGroup = C26108EE23A07BC5006083CA /* Products */;
			projectDirPath = "";
			projectRoot = "";
			targets = (
				C26108EC23A07BC5006083CA /* Marble Maze */,
			);
		};
/* End PBXProject section */

/* Begin PBXResourcesBuildPhase section */
		C26108EB23A07BC5006083CA /* Resources */ = {
			isa = PBXResourcesBuildPhase;
			buildActionMask = 2147483647;
			files = (
				C261090923A07C34006083CA /* level1.txt in Resources */,
				C26108FC23A07BC5006083CA /* Main.storyboard in Resources */,
				C26108F323A07BC5006083CA /* GameScene.sks in Resources */,
				C26108FE23A07BC6006083CA /* Assets.xcassets in Resources */,
				C261090123A07BC6006083CA /* LaunchScreen.storyboard in Resources */,
			);
			runOnlyForDeploymentPostprocessing = 0;
		};
/* End PBXResourcesBuildPhase section */

/* Begin PBXSourcesBuildPhase section */
		C26108E923A07BC5006083CA /* Sources */ = {
			isa = PBXSourcesBuildPhase;
			buildActionMask = 2147483647;
			files = (
				C26108F723A07BC5006083CA /* GameScene.swift in Sources */,
				C26108F923A07BC5006083CA /* GameViewController.swift in Sources */,
				C26108F123A07BC5006083CA /* AppDelegate.swift in Sources */,
			);
			runOnlyForDeploymentPostprocessing = 0;
		};
/* End PBXSourcesBuildPhase section */

/* Begin PBXVariantGroup section */
		C26108FA23A07BC5006083CA /* Main.storyboard */ = {
			isa = PBXVariantGroup;
			children = (
				C26108FB23A07BC5006083CA /* Base */,
			);
			name = Main.storyboard;
			sourceTree = "<group>";
		};
		C26108FF23A07BC6006083CA /* LaunchScreen.storyboard */ = {
			isa = PBXVariantGroup;
			children = (
				C261090023A07BC6006083CA /* Base */,
			);
			name = LaunchScreen.storyboard;
			sourceTree = "<group>";
		};
/* End PBXVariantGroup section */

/* Begin XCBuildConfiguration section */
		C261090323A07BC6006083CA /* Debug */ = {
			isa = XCBuildConfiguration;
			buildSettings = {
				ALWAYS_SEARCH_USER_PATHS = NO;
				CLANG_ANALYZER_NONNULL = YES;
				CLANG_ANALYZER_NUMBER_OBJECT_CONVERSION = YES_AGGRESSIVE;
				CLANG_CXX_LANGUAGE_STANDARD = "gnu++14";
				CLANG_CXX_LIBRARY = "libc++";
				CLANG_ENABLE_MODULES = YES;
				CLANG_ENABLE_OBJC_ARC = YES;
				CLANG_ENABLE_OBJC_WEAK = YES;
				CLANG_WARN_BLOCK_CAPTURE_AUTORELEASING = YES;
				CLANG_WARN_BOOL_CONVERSION = YES;
				CLANG_WARN_COMMA = YES;
				CLANG_WARN_CONSTANT_CONVERSION = YES;
				CLANG_WARN_DEPRECATED_OBJC_IMPLEMENTATIONS = YES;
				CLANG_WARN_DIRECT_OBJC_ISA_USAGE = YES_ERROR;
				CLANG_WARN_DOCUMENTATION_COMMENTS = YES;
				CLANG_WARN_EMPTY_BODY = YES;
				CLANG_WARN_ENUM_CONVERSION = YES;
				CLANG_WARN_INFINITE_RECURSION = YES;
				CLANG_WARN_INT_CONVERSION = YES;
				CLANG_WARN_NON_LITERAL_NULL_CONVERSION = YES;
				CLANG_WARN_OBJC_IMPLICIT_RETAIN_SELF = YES;
				CLANG_WARN_OBJC_LITERAL_CONVERSION = YES;
				CLANG_WARN_OBJC_ROOT_CLASS = YES_ERROR;
				CLANG_WARN_RANGE_LOOP_ANALYSIS = YES;
				CLANG_WARN_STRICT_PROTOTYPES = YES;
				CLANG_WARN_SUSPICIOUS_MOVE = YES;
				CLANG_WARN_UNGUARDED_AVAILABILITY = YES_AGGRESSIVE;
				CLANG_WARN_UNREACHABLE_CODE = YES;
				CLANG_WARN__DUPLICATE_METHOD_MATCH = YES;
				COPY_PHASE_STRIP = NO;
				DEBUG_INFORMATION_FORMAT = dwarf;
				ENABLE_STRICT_OBJC_MSGSEND = YES;
				ENABLE_TESTABILITY = YES;
				GCC_C_LANGUAGE_STANDARD = gnu11;
				GCC_DYNAMIC_NO_PIC = NO;
				GCC_NO_COMMON_BLOCKS = YES;
				GCC_OPTIMIZATION_LEVEL = 0;
				GCC_PREPROCESSOR_DEFINITIONS = (
					"DEBUG=1",
					"$(inherited)",
				);
				GCC_WARN_64_TO_32_BIT_CONVERSION = YES;
				GCC_WARN_ABOUT_RETURN_TYPE = YES_ERROR;
				GCC_WARN_UNDECLARED_SELECTOR = YES;
				GCC_WARN_UNINITIALIZED_AUTOS = YES_AGGRESSIVE;
				GCC_WARN_UNUSED_FUNCTION = YES;
				GCC_WARN_UNUSED_VARIABLE = YES;
				IPHONEOS_DEPLOYMENT_TARGET = 13.2;
				MTL_ENABLE_DEBUG_INFO = INCLUDE_SOURCE;
				MTL_FAST_MATH = YES;
				ONLY_ACTIVE_ARCH = YES;
				SDKROOT = iphoneos;
				SWIFT_ACTIVE_COMPILATION_CONDITIONS = DEBUG;
				SWIFT_OPTIMIZATION_LEVEL = "-Onone";
			};
			name = Debug;
		};
		C261090423A07BC6006083CA /* Release */ = {
			isa = XCBuildConfiguration;
			buildSettings = {
				ALWAYS_SEARCH_USER_PATHS = NO;
				CLANG_ANALYZER_NONNULL = YES;
				CLANG_ANALYZER_NUMBER_OBJECT_CONVERSION = YES_AGGRESSIVE;
				CLANG_CXX_LANGUAGE_STANDARD = "gnu++14";
				CLANG_CXX_LIBRARY = "libc++";
				CLANG_ENABLE_MODULES = YES;
				CLANG_ENABLE_OBJC_ARC = YES;
				CLANG_ENABLE_OBJC_WEAK = YES;
				CLANG_WARN_BLOCK_CAPTURE_AUTORELEASING = YES;
				CLANG_WARN_BOOL_CONVERSION = YES;
				CLANG_WARN_COMMA = YES;
				CLANG_WARN_CONSTANT_CONVERSION = YES;
				CLANG_WARN_DEPRECATED_OBJC_IMPLEMENTATIONS = YES;
				CLANG_WARN_DIRECT_OBJC_ISA_USAGE = YES_ERROR;
				CLANG_WARN_DOCUMENTATION_COMMENTS = YES;
				CLANG_WARN_EMPTY_BODY = YES;
				CLANG_WARN_ENUM_CONVERSION = YES;
				CLANG_WARN_INFINITE_RECURSION = YES;
				CLANG_WARN_INT_CONVERSION = YES;
				CLANG_WARN_NON_LITERAL_NULL_CONVERSION = YES;
				CLANG_WARN_OBJC_IMPLICIT_RETAIN_SELF = YES;
				CLANG_WARN_OBJC_LITERAL_CONVERSION = YES;
				CLANG_WARN_OBJC_ROOT_CLASS = YES_ERROR;
				CLANG_WARN_RANGE_LOOP_ANALYSIS = YES;
				CLANG_WARN_STRICT_PROTOTYPES = YES;
				CLANG_WARN_SUSPICIOUS_MOVE = YES;
				CLANG_WARN_UNGUARDED_AVAILABILITY = YES_AGGRESSIVE;
				CLANG_WARN_UNREACHABLE_CODE = YES;
				CLANG_WARN__DUPLICATE_METHOD_MATCH = YES;
				COPY_PHASE_STRIP = NO;
				DEBUG_INFORMATION_FORMAT = "dwarf-with-dsym";
				ENABLE_NS_ASSERTIONS = NO;
				ENABLE_STRICT_OBJC_MSGSEND = YES;
				GCC_C_LANGUAGE_STANDARD = gnu11;
				GCC_NO_COMMON_BLOCKS = YES;
				GCC_WARN_64_TO_32_BIT_CONVERSION = YES;
				GCC_WARN_ABOUT_RETURN_TYPE = YES_ERROR;
				GCC_WARN_UNDECLARED_SELECTOR = YES;
				GCC_WARN_UNINITIALIZED_AUTOS = YES_AGGRESSIVE;
				GCC_WARN_UNUSED_FUNCTION = YES;
				GCC_WARN_UNUSED_VARIABLE = YES;
				IPHONEOS_DEPLOYMENT_TARGET = 13.2;
				MTL_ENABLE_DEBUG_INFO = NO;
				MTL_FAST_MATH = YES;
				SDKROOT = iphoneos;
				SWIFT_COMPILATION_MODE = wholemodule;
				SWIFT_OPTIMIZATION_LEVEL = "-O";
				VALIDATE_PRODUCT = YES;
			};
			name = Release;
		};
		C261090623A07BC6006083CA /* Debug */ = {
			isa = XCBuildConfiguration;
			buildSettings = {
				ASSETCATALOG_COMPILER_APPICON_NAME = AppIcon;
				CODE_SIGN_STYLE = Automatic;
				DEVELOPMENT_TEAM = MVGPSPVTNC;
				INFOPLIST_FILE = "Marble Maze/Info.plist";
				LD_RUNPATH_SEARCH_PATHS = (
					"$(inherited)",
					"@executable_path/Frameworks",
				);
				PRODUCT_BUNDLE_IDENTIFIER = "com.felix.Marble-Maze";
				PRODUCT_NAME = "$(TARGET_NAME)";
				SWIFT_VERSION = 5.0;
				TARGETED_DEVICE_FAMILY = 2;
			};
			name = Debug;
		};
		C261090723A07BC6006083CA /* Release */ = {
			isa = XCBuildConfiguration;
			buildSettings = {
				ASSETCATALOG_COMPILER_APPICON_NAME = AppIcon;
				CODE_SIGN_STYLE = Automatic;
				DEVELOPMENT_TEAM = MVGPSPVTNC;
				INFOPLIST_FILE = "Marble Maze/Info.plist";
				LD_RUNPATH_SEARCH_PATHS = (
					"$(inherited)",
					"@executable_path/Frameworks",
				);
				PRODUCT_BUNDLE_IDENTIFIER = "com.felix.Marble-Maze";
				PRODUCT_NAME = "$(TARGET_NAME)";
				SWIFT_VERSION = 5.0;
				TARGETED_DEVICE_FAMILY = 2;
			};
			name = Release;
		};
/* End XCBuildConfiguration section */

/* Begin XCConfigurationList section */
		C26108E823A07BC5006083CA /* Build configuration list for PBXProject "Marble Maze" */ = {
			isa = XCConfigurationList;
			buildConfigurations = (
				C261090323A07BC6006083CA /* Debug */,
				C261090423A07BC6006083CA /* Release */,
			);
			defaultConfigurationIsVisible = 0;
			defaultConfigurationName = Release;
		};
		C261090523A07BC6006083CA /* Build configuration list for PBXNativeTarget "Marble Maze" */ = {
			isa = XCConfigurationList;
			buildConfigurations = (
				C261090623A07BC6006083CA /* Debug */,
				C261090723A07BC6006083CA /* Release */,
			);
			defaultConfigurationIsVisible = 0;
			defaultConfigurationName = Release;
		};
/* End XCConfigurationList section */
	};
	rootObject = C26108E523A07BC5006083CA /* Project object */;
}
