// !$*UTF8*$!
{
	archiveVersion = 1;
	classes = {
	};
	objectVersion = 50;
	objects = {

/* Begin PBXBuildFile section */
		A00A07ED23720A7A009BB605 /* AppDelegate.swift in Sources */ = {isa = PBXBuildFile; fileRef = A00A07EC23720A7A009BB605 /* AppDelegate.swift */; };
		A00A07EF23720A7A009BB605 /* SceneDelegate.swift in Sources */ = {isa = PBXBuildFile; fileRef = A00A07EE23720A7A009BB605 /* SceneDelegate.swift */; };
		A00A07F123720A7A009BB605 /* ViewController.swift in Sources */ = {isa = PBXBuildFile; fileRef = A00A07F023720A7A009BB605 /* ViewController.swift */; };
		A00A07F423720A7A009BB605 /* Main.storyboard in Resources */ = {isa = PBXBuildFile; fileRef = A00A07F223720A7A009BB605 /* Main.storyboard */; };
		A00A07F623720A7B009BB605 /* Assets.xcassets in Resources */ = {isa = PBXBuildFile; fileRef = A00A07F523720A7B009BB605 /* Assets.xcassets */; };
		A00A07F923720A7B009BB605 /* LaunchScreen.storyboard in Resources */ = {isa = PBXBuildFile; fileRef = A00A07F723720A7B009BB605 /* LaunchScreen.storyboard */; };
		A00A080123720B1D009BB605 /* DetailViewController.swift in Sources */ = {isa = PBXBuildFile; fileRef = A00A080023720B1D009BB605 /* DetailViewController.swift */; };
		A00A080523720B4F009BB605 /* Photo.swift in Sources */ = {isa = PBXBuildFile; fileRef = A00A080423720B4F009BB605 /* Photo.swift */; };
		A01FA4B123720CA000A91440 /* Helper.swift in Sources */ = {isa = PBXBuildFile; fileRef = A01FA4B023720CA000A91440 /* Helper.swift */; };
/* End PBXBuildFile section */

/* Begin PBXFileReference section */
		A00A07E923720A7A009BB605 /* Milestone 4.app */ = {isa = PBXFileReference; explicitFileType = wrapper.application; includeInIndex = 0; path = "Milestone 4.app"; sourceTree = BUILT_PRODUCTS_DIR; };
		A00A07EC23720A7A009BB605 /* AppDelegate.swift */ = {isa = PBXFileReference; lastKnownFileType = sourcecode.swift; path = AppDelegate.swift; sourceTree = "<group>"; };
		A00A07EE23720A7A009BB605 /* SceneDelegate.swift */ = {isa = PBXFileReference; lastKnownFileType = sourcecode.swift; path = SceneDelegate.swift; sourceTree = "<group>"; };
		A00A07F023720A7A009BB605 /* ViewController.swift */ = {isa = PBXFileReference; lastKnownFileType = sourcecode.swift; path = ViewController.swift; sourceTree = "<group>"; };
		A00A07F323720A7A009BB605 /* Base */ = {isa = PBXFileReference; lastKnownFileType = file.storyboard; name = Base; path = Base.lproj/Main.storyboard; sourceTree = "<group>"; };
		A00A07F523720A7B009BB605 /* Assets.xcassets */ = {isa = PBXFileReference; lastKnownFileType = folder.assetcatalog; path = Assets.xcassets; sourceTree = "<group>"; };
		A00A07F823720A7B009BB605 /* Base */ = {isa = PBXFileReference; lastKnownFileType = file.storyboard; name = Base; path = Base.lproj/LaunchScreen.storyboard; sourceTree = "<group>"; };
		A00A07FA23720A7B009BB605 /* Info.plist */ = {isa = PBXFileReference; lastKnownFileType = text.plist.xml; path = Info.plist; sourceTree = "<group>"; };
		A00A080023720B1D009BB605 /* DetailViewController.swift */ = {isa = PBXFileReference; lastKnownFileType = sourcecode.swift; path = DetailViewController.swift; sourceTree = "<group>"; };
		A00A080423720B4F009BB605 /* Photo.swift */ = {isa = PBXFileReference; lastKnownFileType = sourcecode.swift; path = Photo.swift; sourceTree = "<group>"; };
		A01FA4B023720CA000A91440 /* Helper.swift */ = {isa = PBXFileReference; lastKnownFileType = sourcecode.swift; path = Helper.swift; sourceTree = "<group>"; };
/* End PBXFileReference section */

/* Begin PBXFrameworksBuildPhase section */
		A00A07E623720A7A009BB605 /* Frameworks */ = {
			isa = PBXFrameworksBuildPhase;
			buildActionMask = 2147483647;
			files = (
			);
			runOnlyForDeploymentPostprocessing = 0;
		};
/* End PBXFrameworksBuildPhase section */

/* Begin PBXGroup section */
		A00A07E023720A7A009BB605 = {
			isa = PBXGroup;
			children = (
				A00A07EB23720A7A009BB605 /* Milestone 4 */,
				A00A07EA23720A7A009BB605 /* Products */,
			);
			sourceTree = "<group>";
		};
		A00A07EA23720A7A009BB605 /* Products */ = {
			isa = PBXGroup;
			children = (
				A00A07E923720A7A009BB605 /* Milestone 4.app */,
			);
			name = Products;
			sourceTree = "<group>";
		};
		A00A07EB23720A7A009BB605 /* Milestone 4 */ = {
			isa = PBXGroup;
			children = (
				A01FA4AF23720C8E00A91440 /* Utilities */,
				A00A080323720B46009BB605 /* Model */,
				A00A080223720B38009BB605 /* Controlleer */,
				A00A07EC23720A7A009BB605 /* AppDelegate.swift */,
				A00A07EE23720A7A009BB605 /* SceneDelegate.swift */,
				A00A07F223720A7A009BB605 /* Main.storyboard */,
				A00A07F523720A7B009BB605 /* Assets.xcassets */,
				A00A07F723720A7B009BB605 /* LaunchScreen.storyboard */,
				A00A07FA23720A7B009BB605 /* Info.plist */,
			);
			path = "Milestone 4";
			sourceTree = "<group>";
		};
		A00A080223720B38009BB605 /* Controlleer */ = {
			isa = PBXGroup;
			children = (
				A00A07F023720A7A009BB605 /* ViewController.swift */,
				A00A080023720B1D009BB605 /* DetailViewController.swift */,
			);
			path = Controlleer;
			sourceTree = "<group>";
		};
		A00A080323720B46009BB605 /* Model */ = {
			isa = PBXGroup;
			children = (
				A00A080423720B4F009BB605 /* Photo.swift */,
			);
			path = Model;
			sourceTree = "<group>";
		};
		A01FA4AF23720C8E00A91440 /* Utilities */ = {
			isa = PBXGroup;
			children = (
				A01FA4B023720CA000A91440 /* Helper.swift */,
			);
			path = Utilities;
			sourceTree = "<group>";
		};
/* End PBXGroup section */

/* Begin PBXNativeTarget section */
		A00A07E823720A7A009BB605 /* Milestone 4 */ = {
			isa = PBXNativeTarget;
			buildConfigurationList = A00A07FD23720A7B009BB605 /* Build configuration list for PBXNativeTarget "Milestone 4" */;
			buildPhases = (
				A00A07E523720A7A009BB605 /* Sources */,
				A00A07E623720A7A009BB605 /* Frameworks */,
				A00A07E723720A7A009BB605 /* Resources */,
			);
			buildRules = (
			);
			dependencies = (
			);
			name = "Milestone 4";
			productName = "Milestone 4";
			productReference = A00A07E923720A7A009BB605 /* Milestone 4.app */;
			productType = "com.apple.product-type.application";
		};
/* End PBXNativeTarget section */

/* Begin PBXProject section */
		A00A07E123720A7A009BB605 /* Project object */ = {
			isa = PBXProject;
			attributes = {
				LastSwiftUpdateCheck = 1120;
				LastUpgradeCheck = 1120;
				ORGANIZATIONNAME = "Felix Lin";
				TargetAttributes = {
					A00A07E823720A7A009BB605 = {
						CreatedOnToolsVersion = 11.2;
					};
				};
			};
			buildConfigurationList = A00A07E423720A7A009BB605 /* Build configuration list for PBXProject "Milestone 4" */;
			compatibilityVersion = "Xcode 9.3";
			developmentRegion = en;
			hasScannedForEncodings = 0;
			knownRegions = (
				en,
				Base,
			);
			mainGroup = A00A07E023720A7A009BB605;
			productRefGroup = A00A07EA23720A7A009BB605 /* Products */;
			projectDirPath = "";
			projectRoot = "";
			targets = (
				A00A07E823720A7A009BB605 /* Milestone 4 */,
			);
		};
/* End PBXProject section */

/* Begin PBXResourcesBuildPhase section */
		A00A07E723720A7A009BB605 /* Resources */ = {
			isa = PBXResourcesBuildPhase;
			buildActionMask = 2147483647;
			files = (
				A00A07F923720A7B009BB605 /* LaunchScreen.storyboard in Resources */,
				A00A07F623720A7B009BB605 /* Assets.xcassets in Resources */,
				A00A07F423720A7A009BB605 /* Main.storyboard in Resources */,
			);
			runOnlyForDeploymentPostprocessing = 0;
		};
/* End PBXResourcesBuildPhase section */

/* Begin PBXSourcesBuildPhase section */
		A00A07E523720A7A009BB605 /* Sources */ = {
			isa = PBXSourcesBuildPhase;
			buildActionMask = 2147483647;
			files = (
				A00A07F123720A7A009BB605 /* ViewController.swift in Sources */,
				A00A07ED23720A7A009BB605 /* AppDelegate.swift in Sources */,
				A00A07EF23720A7A009BB605 /* SceneDelegate.swift in Sources */,
				A00A080123720B1D009BB605 /* DetailViewController.swift in Sources */,
				A00A080523720B4F009BB605 /* Photo.swift in Sources */,
				A01FA4B123720CA000A91440 /* Helper.swift in Sources */,
			);
			runOnlyForDeploymentPostprocessing = 0;
		};
/* End PBXSourcesBuildPhase section */

/* Begin PBXVariantGroup section */
		A00A07F223720A7A009BB605 /* Main.storyboard */ = {
			isa = PBXVariantGroup;
			children = (
				A00A07F323720A7A009BB605 /* Base */,
			);
			name = Main.storyboard;
			sourceTree = "<group>";
		};
		A00A07F723720A7B009BB605 /* LaunchScreen.storyboard */ = {
			isa = PBXVariantGroup;
			children = (
				A00A07F823720A7B009BB605 /* Base */,
			);
			name = LaunchScreen.storyboard;
			sourceTree = "<group>";
		};
/* End PBXVariantGroup section */

/* Begin XCBuildConfiguration section */
		A00A07FB23720A7B009BB605 /* Debug */ = {
			isa = XCBuildConfiguration;
			buildSettings = {
				ALWAYS_SEARCH_USER_PATHS = NO;
				CLANG_ANALYZER_NONNULL = YES;
				CLANG_ANALYZER_NUMBER_OBJECT_CONVERSION = YES_AGGRESSIVE;
				CLANG_CXX_LANGUAGE_STANDARD = "gnu++14";
				CLANG_CXX_LIBRARY = "libc++";
				CLANG_ENABLE_MODULES = YES;
				CLANG_ENABLE_OBJC_ARC = YES;
				CLANG_ENABLE_OBJC_WEAK = YES;
				CLANG_WARN_BLOCK_CAPTURE_AUTORELEASING = YES;
				CLANG_WARN_BOOL_CONVERSION = YES;
				CLANG_WARN_COMMA = YES;
				CLANG_WARN_CONSTANT_CONVERSION = YES;
				CLANG_WARN_DEPRECATED_OBJC_IMPLEMENTATIONS = YES;
				CLANG_WARN_DIRECT_OBJC_ISA_USAGE = YES_ERROR;
				CLANG_WARN_DOCUMENTATION_COMMENTS = YES;
				CLANG_WARN_EMPTY_BODY = YES;
				CLANG_WARN_ENUM_CONVERSION = YES;
				CLANG_WARN_INFINITE_RECURSION = YES;
				CLANG_WARN_INT_CONVERSION = YES;
				CLANG_WARN_NON_LITERAL_NULL_CONVERSION = YES;
				CLANG_WARN_OBJC_IMPLICIT_RETAIN_SELF = YES;
				CLANG_WARN_OBJC_LITERAL_CONVERSION = YES;
				CLANG_WARN_OBJC_ROOT_CLASS = YES_ERROR;
				CLANG_WARN_RANGE_LOOP_ANALYSIS = YES;
				CLANG_WARN_STRICT_PROTOTYPES = YES;
				CLANG_WARN_SUSPICIOUS_MOVE = YES;
				CLANG_WARN_UNGUARDED_AVAILABILITY = YES_AGGRESSIVE;
				CLANG_WARN_UNREACHABLE_CODE = YES;
				CLANG_WARN__DUPLICATE_METHOD_MATCH = YES;
				COPY_PHASE_STRIP = NO;
				DEBUG_INFORMATION_FORMAT = dwarf;
				ENABLE_STRICT_OBJC_MSGSEND = YES;
				ENABLE_TESTABILITY = YES;
				GCC_C_LANGUAGE_STANDARD = gnu11;
				GCC_DYNAMIC_NO_PIC = NO;
				GCC_NO_COMMON_BLOCKS = YES;
				GCC_OPTIMIZATION_LEVEL = 0;
				GCC_PREPROCESSOR_DEFINITIONS = (
					"DEBUG=1",
					"$(inherited)",
				);
				GCC_WARN_64_TO_32_BIT_CONVERSION = YES;
				GCC_WARN_ABOUT_RETURN_TYPE = YES_ERROR;
				GCC_WARN_UNDECLARED_SELECTOR = YES;
				GCC_WARN_UNINITIALIZED_AUTOS = YES_AGGRESSIVE;
				GCC_WARN_UNUSED_FUNCTION = YES;
				GCC_WARN_UNUSED_VARIABLE = YES;
				IPHONEOS_DEPLOYMENT_TARGET = 13.2;
				MTL_ENABLE_DEBUG_INFO = INCLUDE_SOURCE;
				MTL_FAST_MATH = YES;
				ONLY_ACTIVE_ARCH = YES;
				SDKROOT = iphoneos;
				SWIFT_ACTIVE_COMPILATION_CONDITIONS = DEBUG;
				SWIFT_OPTIMIZATION_LEVEL = "-Onone";
			};
			name = Debug;
		};
		A00A07FC23720A7B009BB605 /* Release */ = {
			isa = XCBuildConfiguration;
			buildSettings = {
				ALWAYS_SEARCH_USER_PATHS = NO;
				CLANG_ANALYZER_NONNULL = YES;
				CLANG_ANALYZER_NUMBER_OBJECT_CONVERSION = YES_AGGRESSIVE;
				CLANG_CXX_LANGUAGE_STANDARD = "gnu++14";
				CLANG_CXX_LIBRARY = "libc++";
				CLANG_ENABLE_MODULES = YES;
				CLANG_ENABLE_OBJC_ARC = YES;
				CLANG_ENABLE_OBJC_WEAK = YES;
				CLANG_WARN_BLOCK_CAPTURE_AUTORELEASING = YES;
				CLANG_WARN_BOOL_CONVERSION = YES;
				CLANG_WARN_COMMA = YES;
				CLANG_WARN_CONSTANT_CONVERSION = YES;
				CLANG_WARN_DEPRECATED_OBJC_IMPLEMENTATIONS = YES;
				CLANG_WARN_DIRECT_OBJC_ISA_USAGE = YES_ERROR;
				CLANG_WARN_DOCUMENTATION_COMMENTS = YES;
				CLANG_WARN_EMPTY_BODY = YES;
				CLANG_WARN_ENUM_CONVERSION = YES;
				CLANG_WARN_INFINITE_RECURSION = YES;
				CLANG_WARN_INT_CONVERSION = YES;
				CLANG_WARN_NON_LITERAL_NULL_CONVERSION = YES;
				CLANG_WARN_OBJC_IMPLICIT_RETAIN_SELF = YES;
				CLANG_WARN_OBJC_LITERAL_CONVERSION = YES;
				CLANG_WARN_OBJC_ROOT_CLASS = YES_ERROR;
				CLANG_WARN_RANGE_LOOP_ANALYSIS = YES;
				CLANG_WARN_STRICT_PROTOTYPES = YES;
				CLANG_WARN_SUSPICIOUS_MOVE = YES;
				CLANG_WARN_UNGUARDED_AVAILABILITY = YES_AGGRESSIVE;
				CLANG_WARN_UNREACHABLE_CODE = YES;
				CLANG_WARN__DUPLICATE_METHOD_MATCH = YES;
				COPY_PHASE_STRIP = NO;
				DEBUG_INFORMATION_FORMAT = "dwarf-with-dsym";
				ENABLE_NS_ASSERTIONS = NO;
				ENABLE_STRICT_OBJC_MSGSEND = YES;
				GCC_C_LANGUAGE_STANDARD = gnu11;
				GCC_NO_COMMON_BLOCKS = YES;
				GCC_WARN_64_TO_32_BIT_CONVERSION = YES;
				GCC_WARN_ABOUT_RETURN_TYPE = YES_ERROR;
				GCC_WARN_UNDECLARED_SELECTOR = YES;
				GCC_WARN_UNINITIALIZED_AUTOS = YES_AGGRESSIVE;
				GCC_WARN_UNUSED_FUNCTION = YES;
				GCC_WARN_UNUSED_VARIABLE = YES;
				IPHONEOS_DEPLOYMENT_TARGET = 13.2;
				MTL_ENABLE_DEBUG_INFO = NO;
				MTL_FAST_MATH = YES;
				SDKROOT = iphoneos;
				SWIFT_COMPILATION_MODE = wholemodule;
				SWIFT_OPTIMIZATION_LEVEL = "-O";
				VALIDATE_PRODUCT = YES;
			};
			name = Release;
		};
		A00A07FE23720A7B009BB605 /* Debug */ = {
			isa = XCBuildConfiguration;
			buildSettings = {
				ASSETCATALOG_COMPILER_APPICON_NAME = AppIcon;
				CODE_SIGN_STYLE = Automatic;
				DEVELOPMENT_TEAM = MVGPSPVTNC;
				INFOPLIST_FILE = "Milestone 4/Info.plist";
				LD_RUNPATH_SEARCH_PATHS = (
					"$(inherited)",
					"@executable_path/Frameworks",
				);
				PRODUCT_BUNDLE_IDENTIFIER = "com.felix.Milestone-4";
				PRODUCT_NAME = "$(TARGET_NAME)";
				SWIFT_VERSION = 5.0;
				TARGETED_DEVICE_FAMILY = "1,2";
			};
			name = Debug;
		};
		A00A07FF23720A7B009BB605 /* Release */ = {
			isa = XCBuildConfiguration;
			buildSettings = {
				ASSETCATALOG_COMPILER_APPICON_NAME = AppIcon;
				CODE_SIGN_STYLE = Automatic;
				DEVELOPMENT_TEAM = MVGPSPVTNC;
				INFOPLIST_FILE = "Milestone 4/Info.plist";
				LD_RUNPATH_SEARCH_PATHS = (
					"$(inherited)",
					"@executable_path/Frameworks",
				);
				PRODUCT_BUNDLE_IDENTIFIER = "com.felix.Milestone-4";
				PRODUCT_NAME = "$(TARGET_NAME)";
				SWIFT_VERSION = 5.0;
				TARGETED_DEVICE_FAMILY = "1,2";
			};
			name = Release;
		};
/* End XCBuildConfiguration section */

/* Begin XCConfigurationList section */
		A00A07E423720A7A009BB605 /* Build configuration list for PBXProject "Milestone 4" */ = {
			isa = XCConfigurationList;
			buildConfigurations = (
				A00A07FB23720A7B009BB605 /* Debug */,
				A00A07FC23720A7B009BB605 /* Release */,
			);
			defaultConfigurationIsVisible = 0;
			defaultConfigurationName = Release;
		};
		A00A07FD23720A7B009BB605 /* Build configuration list for PBXNativeTarget "Milestone 4" */ = {
			isa = XCConfigurationList;
			buildConfigurations = (
				A00A07FE23720A7B009BB605 /* Debug */,
				A00A07FF23720A7B009BB605 /* Release */,
			);
			defaultConfigurationIsVisible = 0;
			defaultConfigurationName = Release;
		};
/* End XCConfigurationList section */
	};
	rootObject = A00A07E123720A7A009BB605 /* Project object */;
}
