// !$*UTF8*$!
{
	archiveVersion = 1;
	classes = {
	};
	objectVersion = 50;
	objects = {

/* Begin PBXBuildFile section */
		C2CA27DB237E7BAD002E06AF /* AppDelegate.swift in Sources */ = {isa = PBXBuildFile; fileRef = C2CA27DA237E7BAD002E06AF /* AppDelegate.swift */; };
		C2CA27DD237E7BAD002E06AF /* SceneDelegate.swift in Sources */ = {isa = PBXBuildFile; fileRef = C2CA27DC237E7BAD002E06AF /* SceneDelegate.swift */; };
		C2CA27DF237E7BAD002E06AF /* ViewController.swift in Sources */ = {isa = PBXBuildFile; fileRef = C2CA27DE237E7BAD002E06AF /* ViewController.swift */; };
		C2CA27E2237E7BAD002E06AF /* Main.storyboard in Resources */ = {isa = PBXBuildFile; fileRef = C2CA27E0237E7BAD002E06AF /* Main.storyboard */; };
		C2CA27E4237E7BAF002E06AF /* Assets.xcassets in Resources */ = {isa = PBXBuildFile; fileRef = C2CA27E3237E7BAF002E06AF /* Assets.xcassets */; };
		C2CA27E7237E7BAF002E06AF /* LaunchScreen.storyboard in Resources */ = {isa = PBXBuildFile; fileRef = C2CA27E5237E7BAF002E06AF /* LaunchScreen.storyboard */; };
/* End PBXBuildFile section */

/* Begin PBXFileReference section */
		C2CA27D7237E7BAD002E06AF /* Animation.app */ = {isa = PBXFileReference; explicitFileType = wrapper.application; includeInIndex = 0; path = Animation.app; sourceTree = BUILT_PRODUCTS_DIR; };
		C2CA27DA237E7BAD002E06AF /* AppDelegate.swift */ = {isa = PBXFileReference; lastKnownFileType = sourcecode.swift; path = AppDelegate.swift; sourceTree = "<group>"; };
		C2CA27DC237E7BAD002E06AF /* SceneDelegate.swift */ = {isa = PBXFileReference; lastKnownFileType = sourcecode.swift; path = SceneDelegate.swift; sourceTree = "<group>"; };
		C2CA27DE237E7BAD002E06AF /* ViewController.swift */ = {isa = PBXFileReference; lastKnownFileType = sourcecode.swift; path = ViewController.swift; sourceTree = "<group>"; };
		C2CA27E1237E7BAD002E06AF /* Base */ = {isa = PBXFileReference; lastKnownFileType = file.storyboard; name = Base; path = Base.lproj/Main.storyboard; sourceTree = "<group>"; };
		C2CA27E3237E7BAF002E06AF /* Assets.xcassets */ = {isa = PBXFileReference; lastKnownFileType = folder.assetcatalog; path = Assets.xcassets; sourceTree = "<group>"; };
		C2CA27E6237E7BAF002E06AF /* Base */ = {isa = PBXFileReference; lastKnownFileType = file.storyboard; name = Base; path = Base.lproj/LaunchScreen.storyboard; sourceTree = "<group>"; };
		C2CA27E8237E7BAF002E06AF /* Info.plist */ = {isa = PBXFileReference; lastKnownFileType = text.plist.xml; path = Info.plist; sourceTree = "<group>"; };
/* End PBXFileReference section */

/* Begin PBXFrameworksBuildPhase section */
		C2CA27D4237E7BAD002E06AF /* Frameworks */ = {
			isa = PBXFrameworksBuildPhase;
			buildActionMask = 2147483647;
			files = (
			);
			runOnlyForDeploymentPostprocessing = 0;
		};
/* End PBXFrameworksBuildPhase section */

/* Begin PBXGroup section */
		C2CA27CE237E7BAD002E06AF = {
			isa = PBXGroup;
			children = (
				C2CA27D9237E7BAD002E06AF /* Animation */,
				C2CA27D8237E7BAD002E06AF /* Products */,
			);
			sourceTree = "<group>";
		};
		C2CA27D8237E7BAD002E06AF /* Products */ = {
			isa = PBXGroup;
			children = (
				C2CA27D7237E7BAD002E06AF /* Animation.app */,
			);
			name = Products;
			sourceTree = "<group>";
		};
		C2CA27D9237E7BAD002E06AF /* Animation */ = {
			isa = PBXGroup;
			children = (
				C2CA27DA237E7BAD002E06AF /* AppDelegate.swift */,
				C2CA27DC237E7BAD002E06AF /* SceneDelegate.swift */,
				C2CA27DE237E7BAD002E06AF /* ViewController.swift */,
				C2CA27E0237E7BAD002E06AF /* Main.storyboard */,
				C2CA27E3237E7BAF002E06AF /* Assets.xcassets */,
				C2CA27E5237E7BAF002E06AF /* LaunchScreen.storyboard */,
				C2CA27E8237E7BAF002E06AF /* Info.plist */,
			);
			path = Animation;
			sourceTree = "<group>";
		};
/* End PBXGroup section */

/* Begin PBXNativeTarget section */
		C2CA27D6237E7BAD002E06AF /* Animation */ = {
			isa = PBXNativeTarget;
			buildConfigurationList = C2CA27EB237E7BAF002E06AF /* Build configuration list for PBXNativeTarget "Animation" */;
			buildPhases = (
				C2CA27D3237E7BAD002E06AF /* Sources */,
				C2CA27D4237E7BAD002E06AF /* Frameworks */,
				C2CA27D5237E7BAD002E06AF /* Resources */,
			);
			buildRules = (
			);
			dependencies = (
			);
			name = Animation;
			productName = Animation;
			productReference = C2CA27D7237E7BAD002E06AF /* Animation.app */;
			productType = "com.apple.product-type.application";
		};
/* End PBXNativeTarget section */

/* Begin PBXProject section */
		C2CA27CF237E7BAD002E06AF /* Project object */ = {
			isa = PBXProject;
			attributes = {
				LastSwiftUpdateCheck = 1120;
				LastUpgradeCheck = 1120;
				ORGANIZATIONNAME = "Felix Lin";
				TargetAttributes = {
					C2CA27D6237E7BAD002E06AF = {
						CreatedOnToolsVersion = 11.2.1;
					};
				};
			};
			buildConfigurationList = C2CA27D2237E7BAD002E06AF /* Build configuration list for PBXProject "Animation" */;
			compatibilityVersion = "Xcode 9.3";
			developmentRegion = en;
			hasScannedForEncodings = 0;
			knownRegions = (
				en,
				Base,
			);
			mainGroup = C2CA27CE237E7BAD002E06AF;
			productRefGroup = C2CA27D8237E7BAD002E06AF /* Products */;
			projectDirPath = "";
			projectRoot = "";
			targets = (
				C2CA27D6237E7BAD002E06AF /* Animation */,
			);
		};
/* End PBXProject section */

/* Begin PBXResourcesBuildPhase section */
		C2CA27D5237E7BAD002E06AF /* Resources */ = {
			isa = PBXResourcesBuildPhase;
			buildActionMask = 2147483647;
			files = (
				C2CA27E7237E7BAF002E06AF /* LaunchScreen.storyboard in Resources */,
				C2CA27E4237E7BAF002E06AF /* Assets.xcassets in Resources */,
				C2CA27E2237E7BAD002E06AF /* Main.storyboard in Resources */,
			);
			runOnlyForDeploymentPostprocessing = 0;
		};
/* End PBXResourcesBuildPhase section */

/* Begin PBXSourcesBuildPhase section */
		C2CA27D3237E7BAD002E06AF /* Sources */ = {
			isa = PBXSourcesBuildPhase;
			buildActionMask = 2147483647;
			files = (
				C2CA27DF237E7BAD002E06AF /* ViewController.swift in Sources */,
				C2CA27DB237E7BAD002E06AF /* AppDelegate.swift in Sources */,
				C2CA27DD237E7BAD002E06AF /* SceneDelegate.swift in Sources */,
			);
			runOnlyForDeploymentPostprocessing = 0;
		};
/* End PBXSourcesBuildPhase section */

/* Begin PBXVariantGroup section */
		C2CA27E0237E7BAD002E06AF /* Main.storyboard */ = {
			isa = PBXVariantGroup;
			children = (
				C2CA27E1237E7BAD002E06AF /* Base */,
			);
			name = Main.storyboard;
			sourceTree = "<group>";
		};
		C2CA27E5237E7BAF002E06AF /* LaunchScreen.storyboard */ = {
			isa = PBXVariantGroup;
			children = (
				C2CA27E6237E7BAF002E06AF /* Base */,
			);
			name = LaunchScreen.storyboard;
			sourceTree = "<group>";
		};
/* End PBXVariantGroup section */

/* Begin XCBuildConfiguration section */
		C2CA27E9237E7BAF002E06AF /* Debug */ = {
			isa = XCBuildConfiguration;
			buildSettings = {
				ALWAYS_SEARCH_USER_PATHS = NO;
				CLANG_ANALYZER_NONNULL = YES;
				CLANG_ANALYZER_NUMBER_OBJECT_CONVERSION = YES_AGGRESSIVE;
				CLANG_CXX_LANGUAGE_STANDARD = "gnu++14";
				CLANG_CXX_LIBRARY = "libc++";
				CLANG_ENABLE_MODULES = YES;
				CLANG_ENABLE_OBJC_ARC = YES;
				CLANG_ENABLE_OBJC_WEAK = YES;
				CLANG_WARN_BLOCK_CAPTURE_AUTORELEASING = YES;
				CLANG_WARN_BOOL_CONVERSION = YES;
				CLANG_WARN_COMMA = YES;
				CLANG_WARN_CONSTANT_CONVERSION = YES;
				CLANG_WARN_DEPRECATED_OBJC_IMPLEMENTATIONS = YES;
				CLANG_WARN_DIRECT_OBJC_ISA_USAGE = YES_ERROR;
				CLANG_WARN_DOCUMENTATION_COMMENTS = YES;
				CLANG_WARN_EMPTY_BODY = YES;
				CLANG_WARN_ENUM_CONVERSION = YES;
				CLANG_WARN_INFINITE_RECURSION = YES;
				CLANG_WARN_INT_CONVERSION = YES;
				CLANG_WARN_NON_LITERAL_NULL_CONVERSION = YES;
				CLANG_WARN_OBJC_IMPLICIT_RETAIN_SELF = YES;
				CLANG_WARN_OBJC_LITERAL_CONVERSION = YES;
				CLANG_WARN_OBJC_ROOT_CLASS = YES_ERROR;
				CLANG_WARN_RANGE_LOOP_ANALYSIS = YES;
				CLANG_WARN_STRICT_PROTOTYPES = YES;
				CLANG_WARN_SUSPICIOUS_MOVE = YES;
				CLANG_WARN_UNGUARDED_AVAILABILITY = YES_AGGRESSIVE;
				CLANG_WARN_UNREACHABLE_CODE = YES;
				CLANG_WARN__DUPLICATE_METHOD_MATCH = YES;
				COPY_PHASE_STRIP = NO;
				DEBUG_INFORMATION_FORMAT = dwarf;
				ENABLE_STRICT_OBJC_MSGSEND = YES;
				ENABLE_TESTABILITY = YES;
				GCC_C_LANGUAGE_STANDARD = gnu11;
				GCC_DYNAMIC_NO_PIC = NO;
				GCC_NO_COMMON_BLOCKS = YES;
				GCC_OPTIMIZATION_LEVEL = 0;
				GCC_PREPROCESSOR_DEFINITIONS = (
					"DEBUG=1",
					"$(inherited)",
				);
				GCC_WARN_64_TO_32_BIT_CONVERSION = YES;
				GCC_WARN_ABOUT_RETURN_TYPE = YES_ERROR;
				GCC_WARN_UNDECLARED_SELECTOR = YES;
				GCC_WARN_UNINITIALIZED_AUTOS = YES_AGGRESSIVE;
				GCC_WARN_UNUSED_FUNCTION = YES;
				GCC_WARN_UNUSED_VARIABLE = YES;
				IPHONEOS_DEPLOYMENT_TARGET = 13.2;
				MTL_ENABLE_DEBUG_INFO = INCLUDE_SOURCE;
				MTL_FAST_MATH = YES;
				ONLY_ACTIVE_ARCH = YES;
				SDKROOT = iphoneos;
				SWIFT_ACTIVE_COMPILATION_CONDITIONS = DEBUG;
				SWIFT_OPTIMIZATION_LEVEL = "-Onone";
			};
			name = Debug;
		};
		C2CA27EA237E7BAF002E06AF /* Release */ = {
			isa = XCBuildConfiguration;
			buildSettings = {
				ALWAYS_SEARCH_USER_PATHS = NO;
				CLANG_ANALYZER_NONNULL = YES;
				CLANG_ANALYZER_NUMBER_OBJECT_CONVERSION = YES_AGGRESSIVE;
				CLANG_CXX_LANGUAGE_STANDARD = "gnu++14";
				CLANG_CXX_LIBRARY = "libc++";
				CLANG_ENABLE_MODULES = YES;
				CLANG_ENABLE_OBJC_ARC = YES;
				CLANG_ENABLE_OBJC_WEAK = YES;
				CLANG_WARN_BLOCK_CAPTURE_AUTORELEASING = YES;
				CLANG_WARN_BOOL_CONVERSION = YES;
				CLANG_WARN_COMMA = YES;
				CLANG_WARN_CONSTANT_CONVERSION = YES;
				CLANG_WARN_DEPRECATED_OBJC_IMPLEMENTATIONS = YES;
				CLANG_WARN_DIRECT_OBJC_ISA_USAGE = YES_ERROR;
				CLANG_WARN_DOCUMENTATION_COMMENTS = YES;
				CLANG_WARN_EMPTY_BODY = YES;
				CLANG_WARN_ENUM_CONVERSION = YES;
				CLANG_WARN_INFINITE_RECURSION = YES;
				CLANG_WARN_INT_CONVERSION = YES;
				CLANG_WARN_NON_LITERAL_NULL_CONVERSION = YES;
				CLANG_WARN_OBJC_IMPLICIT_RETAIN_SELF = YES;
				CLANG_WARN_OBJC_LITERAL_CONVERSION = YES;
				CLANG_WARN_OBJC_ROOT_CLASS = YES_ERROR;
				CLANG_WARN_RANGE_LOOP_ANALYSIS = YES;
				CLANG_WARN_STRICT_PROTOTYPES = YES;
				CLANG_WARN_SUSPICIOUS_MOVE = YES;
				CLANG_WARN_UNGUARDED_AVAILABILITY = YES_AGGRESSIVE;
				CLANG_WARN_UNREACHABLE_CODE = YES;
				CLANG_WARN__DUPLICATE_METHOD_MATCH = YES;
				COPY_PHASE_STRIP = NO;
				DEBUG_INFORMATION_FORMAT = "dwarf-with-dsym";
				ENABLE_NS_ASSERTIONS = NO;
				ENABLE_STRICT_OBJC_MSGSEND = YES;
				GCC_C_LANGUAGE_STANDARD = gnu11;
				GCC_NO_COMMON_BLOCKS = YES;
				GCC_WARN_64_TO_32_BIT_CONVERSION = YES;
				GCC_WARN_ABOUT_RETURN_TYPE = YES_ERROR;
				GCC_WARN_UNDECLARED_SELECTOR = YES;
				GCC_WARN_UNINITIALIZED_AUTOS = YES_AGGRESSIVE;
				GCC_WARN_UNUSED_FUNCTION = YES;
				GCC_WARN_UNUSED_VARIABLE = YES;
				IPHONEOS_DEPLOYMENT_TARGET = 13.2;
				MTL_ENABLE_DEBUG_INFO = NO;
				MTL_FAST_MATH = YES;
				SDKROOT = iphoneos;
				SWIFT_COMPILATION_MODE = wholemodule;
				SWIFT_OPTIMIZATION_LEVEL = "-O";
				VALIDATE_PRODUCT = YES;
			};
			name = Release;
		};
		C2CA27EC237E7BAF002E06AF /* Debug */ = {
			isa = XCBuildConfiguration;
			buildSettings = {
				ASSETCATALOG_COMPILER_APPICON_NAME = AppIcon;
				CODE_SIGN_STYLE = Automatic;
				DEVELOPMENT_TEAM = MVGPSPVTNC;
				INFOPLIST_FILE = Animation/Info.plist;
				LD_RUNPATH_SEARCH_PATHS = (
					"$(inherited)",
					"@executable_path/Frameworks",
				);
				PRODUCT_BUNDLE_IDENTIFIER = com.felix.Animation;
				PRODUCT_NAME = "$(TARGET_NAME)";
				SWIFT_VERSION = 5.0;
				TARGETED_DEVICE_FAMILY = 2;
			};
			name = Debug;
		};
		C2CA27ED237E7BAF002E06AF /* Release */ = {
			isa = XCBuildConfiguration;
			buildSettings = {
				ASSETCATALOG_COMPILER_APPICON_NAME = AppIcon;
				CODE_SIGN_STYLE = Automatic;
				DEVELOPMENT_TEAM = MVGPSPVTNC;
				INFOPLIST_FILE = Animation/Info.plist;
				LD_RUNPATH_SEARCH_PATHS = (
					"$(inherited)",
					"@executable_path/Frameworks",
				);
				PRODUCT_BUNDLE_IDENTIFIER = com.felix.Animation;
				PRODUCT_NAME = "$(TARGET_NAME)";
				SWIFT_VERSION = 5.0;
				TARGETED_DEVICE_FAMILY = 2;
			};
			name = Release;
		};
/* End XCBuildConfiguration section */

/* Begin XCConfigurationList section */
		C2CA27D2237E7BAD002E06AF /* Build configuration list for PBXProject "Animation" */ = {
			isa = XCConfigurationList;
			buildConfigurations = (
				C2CA27E9237E7BAF002E06AF /* Debug */,
				C2CA27EA237E7BAF002E06AF /* Release */,
			);
			defaultConfigurationIsVisible = 0;
			defaultConfigurationName = Release;
		};
		C2CA27EB237E7BAF002E06AF /* Build configuration list for PBXNativeTarget "Animation" */ = {
			isa = XCConfigurationList;
			buildConfigurations = (
				C2CA27EC237E7BAF002E06AF /* Debug */,
				C2CA27ED237E7BAF002E06AF /* Release */,
			);
			defaultConfigurationIsVisible = 0;
			defaultConfigurationName = Release;
		};
/* End XCConfigurationList section */
	};
	rootObject = C2CA27CF237E7BAD002E06AF /* Project object */;
}
