// !$*UTF8*$!
{
	archiveVersion = 1;
	classes = {
	};
	objectVersion = 50;
	objects = {

/* Begin PBXBuildFile section */
		C23B9818238CB69900C68E6D /* AppDelegate.swift in Sources */ = {isa = PBXBuildFile; fileRef = C23B9817238CB69900C68E6D /* AppDelegate.swift */; };
		C23B981A238CB69900C68E6D /* GameScene.sks in Resources */ = {isa = PBXBuildFile; fileRef = C23B9819238CB69900C68E6D /* GameScene.sks */; };
		C23B981E238CB69900C68E6D /* GameScene.swift in Sources */ = {isa = PBXBuildFile; fileRef = C23B981D238CB69900C68E6D /* GameScene.swift */; };
		C23B9820238CB69900C68E6D /* GameViewController.swift in Sources */ = {isa = PBXBuildFile; fileRef = C23B981F238CB69900C68E6D /* GameViewController.swift */; };
		C23B9823238CB69900C68E6D /* Main.storyboard in Resources */ = {isa = PBXBuildFile; fileRef = C23B9821238CB69900C68E6D /* Main.storyboard */; };
		C23B9825238CB69A00C68E6D /* Assets.xcassets in Resources */ = {isa = PBXBuildFile; fileRef = C23B9824238CB69A00C68E6D /* Assets.xcassets */; };
		C23B9828238CB69A00C68E6D /* LaunchScreen.storyboard in Resources */ = {isa = PBXBuildFile; fileRef = C23B9826238CB69A00C68E6D /* LaunchScreen.storyboard */; };
		C23B9831238CB6CA00C68E6D /* fuse.sks in Resources */ = {isa = PBXBuildFile; fileRef = C23B982F238CB6CA00C68E6D /* fuse.sks */; };
		C23B9832238CB6CA00C68E6D /* explode.sks in Resources */ = {isa = PBXBuildFile; fileRef = C23B9830238CB6CA00C68E6D /* explode.sks */; };
/* End PBXBuildFile section */

/* Begin PBXFileReference section */
		C23B9814238CB69900C68E6D /* Fireworks Night.app */ = {isa = PBXFileReference; explicitFileType = wrapper.application; includeInIndex = 0; path = "Fireworks Night.app"; sourceTree = BUILT_PRODUCTS_DIR; };
		C23B9817238CB69900C68E6D /* AppDelegate.swift */ = {isa = PBXFileReference; lastKnownFileType = sourcecode.swift; path = AppDelegate.swift; sourceTree = "<group>"; };
		C23B9819238CB69900C68E6D /* GameScene.sks */ = {isa = PBXFileReference; lastKnownFileType = file.sks; path = GameScene.sks; sourceTree = "<group>"; };
		C23B981D238CB69900C68E6D /* GameScene.swift */ = {isa = PBXFileReference; lastKnownFileType = sourcecode.swift; path = GameScene.swift; sourceTree = "<group>"; };
		C23B981F238CB69900C68E6D /* GameViewController.swift */ = {isa = PBXFileReference; lastKnownFileType = sourcecode.swift; path = GameViewController.swift; sourceTree = "<group>"; };
		C23B9822238CB69900C68E6D /* Base */ = {isa = PBXFileReference; lastKnownFileType = file.storyboard; name = Base; path = Base.lproj/Main.storyboard; sourceTree = "<group>"; };
		C23B9824238CB69A00C68E6D /* Assets.xcassets */ = {isa = PBXFileReference; lastKnownFileType = folder.assetcatalog; path = Assets.xcassets; sourceTree = "<group>"; };
		C23B9827238CB69A00C68E6D /* Base */ = {isa = PBXFileReference; lastKnownFileType = file.storyboard; name = Base; path = Base.lproj/LaunchScreen.storyboard; sourceTree = "<group>"; };
		C23B9829238CB69A00C68E6D /* Info.plist */ = {isa = PBXFileReference; lastKnownFileType = text.plist.xml; path = Info.plist; sourceTree = "<group>"; };
		C23B982F238CB6CA00C68E6D /* fuse.sks */ = {isa = PBXFileReference; lastKnownFileType = file.sks; path = fuse.sks; sourceTree = "<group>"; };
		C23B9830238CB6CA00C68E6D /* explode.sks */ = {isa = PBXFileReference; lastKnownFileType = file.sks; path = explode.sks; sourceTree = "<group>"; };
/* End PBXFileReference section */

/* Begin PBXFrameworksBuildPhase section */
		C23B9811238CB69900C68E6D /* Frameworks */ = {
			isa = PBXFrameworksBuildPhase;
			buildActionMask = 2147483647;
			files = (
			);
			runOnlyForDeploymentPostprocessing = 0;
		};
/* End PBXFrameworksBuildPhase section */

/* Begin PBXGroup section */
		C23B980B238CB69900C68E6D = {
			isa = PBXGroup;
			children = (
				C23B9816238CB69900C68E6D /* Fireworks Night */,
				C23B9815238CB69900C68E6D /* Products */,
			);
			sourceTree = "<group>";
		};
		C23B9815238CB69900C68E6D /* Products */ = {
			isa = PBXGroup;
			children = (
				C23B9814238CB69900C68E6D /* Fireworks Night.app */,
			);
			name = Products;
			sourceTree = "<group>";
		};
		C23B9816238CB69900C68E6D /* Fireworks Night */ = {
			isa = PBXGroup;
			children = (
				C23B9817238CB69900C68E6D /* AppDelegate.swift */,
				C23B9819238CB69900C68E6D /* GameScene.sks */,
				C23B981D238CB69900C68E6D /* GameScene.swift */,
				C23B981F238CB69900C68E6D /* GameViewController.swift */,
				C23B9821238CB69900C68E6D /* Main.storyboard */,
				C23B9824238CB69A00C68E6D /* Assets.xcassets */,
				C23B9826238CB69A00C68E6D /* LaunchScreen.storyboard */,
				C23B9829238CB69A00C68E6D /* Info.plist */,
				C23B9830238CB6CA00C68E6D /* explode.sks */,
				C23B982F238CB6CA00C68E6D /* fuse.sks */,
			);
			path = "Fireworks Night";
			sourceTree = "<group>";
		};
/* End PBXGroup section */

/* Begin PBXNativeTarget section */
		C23B9813238CB69900C68E6D /* Fireworks Night */ = {
			isa = PBXNativeTarget;
			buildConfigurationList = C23B982C238CB69A00C68E6D /* Build configuration list for PBXNativeTarget "Fireworks Night" */;
			buildPhases = (
				C23B9810238CB69900C68E6D /* Sources */,
				C23B9811238CB69900C68E6D /* Frameworks */,
				C23B9812238CB69900C68E6D /* Resources */,
			);
			buildRules = (
			);
			dependencies = (
			);
			name = "Fireworks Night";
			productName = "Fireworks Night";
			productReference = C23B9814238CB69900C68E6D /* Fireworks Night.app */;
			productType = "com.apple.product-type.application";
		};
/* End PBXNativeTarget section */

/* Begin PBXProject section */
		C23B980C238CB69900C68E6D /* Project object */ = {
			isa = PBXProject;
			attributes = {
				LastSwiftUpdateCheck = 1120;
				LastUpgradeCheck = 1120;
				ORGANIZATIONNAME = "Felix Lin";
				TargetAttributes = {
					C23B9813238CB69900C68E6D = {
						CreatedOnToolsVersion = 11.2.1;
					};
				};
			};
			buildConfigurationList = C23B980F238CB69900C68E6D /* Build configuration list for PBXProject "Fireworks Night" */;
			compatibilityVersion = "Xcode 9.3";
			developmentRegion = en;
			hasScannedForEncodings = 0;
			knownRegions = (
				en,
				Base,
			);
			mainGroup = C23B980B238CB69900C68E6D;
			productRefGroup = C23B9815238CB69900C68E6D /* Products */;
			projectDirPath = "";
			projectRoot = "";
			targets = (
				C23B9813238CB69900C68E6D /* Fireworks Night */,
			);
		};
/* End PBXProject section */

/* Begin PBXResourcesBuildPhase section */
		C23B9812238CB69900C68E6D /* Resources */ = {
			isa = PBXResourcesBuildPhase;
			buildActionMask = 2147483647;
			files = (
				C23B9823238CB69900C68E6D /* Main.storyboard in Resources */,
				C23B981A238CB69900C68E6D /* GameScene.sks in Resources */,
				C23B9832238CB6CA00C68E6D /* explode.sks in Resources */,
				C23B9831238CB6CA00C68E6D /* fuse.sks in Resources */,
				C23B9825238CB69A00C68E6D /* Assets.xcassets in Resources */,
				C23B9828238CB69A00C68E6D /* LaunchScreen.storyboard in Resources */,
			);
			runOnlyForDeploymentPostprocessing = 0;
		};
/* End PBXResourcesBuildPhase section */

/* Begin PBXSourcesBuildPhase section */
		C23B9810238CB69900C68E6D /* Sources */ = {
			isa = PBXSourcesBuildPhase;
			buildActionMask = 2147483647;
			files = (
				C23B981E238CB69900C68E6D /* GameScene.swift in Sources */,
				C23B9820238CB69900C68E6D /* GameViewController.swift in Sources */,
				C23B9818238CB69900C68E6D /* AppDelegate.swift in Sources */,
			);
			runOnlyForDeploymentPostprocessing = 0;
		};
/* End PBXSourcesBuildPhase section */

/* Begin PBXVariantGroup section */
		C23B9821238CB69900C68E6D /* Main.storyboard */ = {
			isa = PBXVariantGroup;
			children = (
				C23B9822238CB69900C68E6D /* Base */,
			);
			name = Main.storyboard;
			sourceTree = "<group>";
		};
		C23B9826238CB69A00C68E6D /* LaunchScreen.storyboard */ = {
			isa = PBXVariantGroup;
			children = (
				C23B9827238CB69A00C68E6D /* Base */,
			);
			name = LaunchScreen.storyboard;
			sourceTree = "<group>";
		};
/* End PBXVariantGroup section */

/* Begin XCBuildConfiguration section */
		C23B982A238CB69A00C68E6D /* Debug */ = {
			isa = XCBuildConfiguration;
			buildSettings = {
				ALWAYS_SEARCH_USER_PATHS = NO;
				CLANG_ANALYZER_NONNULL = YES;
				CLANG_ANALYZER_NUMBER_OBJECT_CONVERSION = YES_AGGRESSIVE;
				CLANG_CXX_LANGUAGE_STANDARD = "gnu++14";
				CLANG_CXX_LIBRARY = "libc++";
				CLANG_ENABLE_MODULES = YES;
				CLANG_ENABLE_OBJC_ARC = YES;
				CLANG_ENABLE_OBJC_WEAK = YES;
				CLANG_WARN_BLOCK_CAPTURE_AUTORELEASING = YES;
				CLANG_WARN_BOOL_CONVERSION = YES;
				CLANG_WARN_COMMA = YES;
				CLANG_WARN_CONSTANT_CONVERSION = YES;
				CLANG_WARN_DEPRECATED_OBJC_IMPLEMENTATIONS = YES;
				CLANG_WARN_DIRECT_OBJC_ISA_USAGE = YES_ERROR;
				CLANG_WARN_DOCUMENTATION_COMMENTS = YES;
				CLANG_WARN_EMPTY_BODY = YES;
				CLANG_WARN_ENUM_CONVERSION = YES;
				CLANG_WARN_INFINITE_RECURSION = YES;
				CLANG_WARN_INT_CONVERSION = YES;
				CLANG_WARN_NON_LITERAL_NULL_CONVERSION = YES;
				CLANG_WARN_OBJC_IMPLICIT_RETAIN_SELF = YES;
				CLANG_WARN_OBJC_LITERAL_CONVERSION = YES;
				CLANG_WARN_OBJC_ROOT_CLASS = YES_ERROR;
				CLANG_WARN_RANGE_LOOP_ANALYSIS = YES;
				CLANG_WARN_STRICT_PROTOTYPES = YES;
				CLANG_WARN_SUSPICIOUS_MOVE = YES;
				CLANG_WARN_UNGUARDED_AVAILABILITY = YES_AGGRESSIVE;
				CLANG_WARN_UNREACHABLE_CODE = YES;
				CLANG_WARN__DUPLICATE_METHOD_MATCH = YES;
				COPY_PHASE_STRIP = NO;
				DEBUG_INFORMATION_FORMAT = dwarf;
				ENABLE_STRICT_OBJC_MSGSEND = YES;
				ENABLE_TESTABILITY = YES;
				GCC_C_LANGUAGE_STANDARD = gnu11;
				GCC_DYNAMIC_NO_PIC = NO;
				GCC_NO_COMMON_BLOCKS = YES;
				GCC_OPTIMIZATION_LEVEL = 0;
				GCC_PREPROCESSOR_DEFINITIONS = (
					"DEBUG=1",
					"$(inherited)",
				);
				GCC_WARN_64_TO_32_BIT_CONVERSION = YES;
				GCC_WARN_ABOUT_RETURN_TYPE = YES_ERROR;
				GCC_WARN_UNDECLARED_SELECTOR = YES;
				GCC_WARN_UNINITIALIZED_AUTOS = YES_AGGRESSIVE;
				GCC_WARN_UNUSED_FUNCTION = YES;
				GCC_WARN_UNUSED_VARIABLE = YES;
				IPHONEOS_DEPLOYMENT_TARGET = 13.2;
				MTL_ENABLE_DEBUG_INFO = INCLUDE_SOURCE;
				MTL_FAST_MATH = YES;
				ONLY_ACTIVE_ARCH = YES;
				SDKROOT = iphoneos;
				SWIFT_ACTIVE_COMPILATION_CONDITIONS = DEBUG;
				SWIFT_OPTIMIZATION_LEVEL = "-Onone";
			};
			name = Debug;
		};
		C23B982B238CB69A00C68E6D /* Release */ = {
			isa = XCBuildConfiguration;
			buildSettings = {
				ALWAYS_SEARCH_USER_PATHS = NO;
				CLANG_ANALYZER_NONNULL = YES;
				CLANG_ANALYZER_NUMBER_OBJECT_CONVERSION = YES_AGGRESSIVE;
				CLANG_CXX_LANGUAGE_STANDARD = "gnu++14";
				CLANG_CXX_LIBRARY = "libc++";
				CLANG_ENABLE_MODULES = YES;
				CLANG_ENABLE_OBJC_ARC = YES;
				CLANG_ENABLE_OBJC_WEAK = YES;
				CLANG_WARN_BLOCK_CAPTURE_AUTORELEASING = YES;
				CLANG_WARN_BOOL_CONVERSION = YES;
				CLANG_WARN_COMMA = YES;
				CLANG_WARN_CONSTANT_CONVERSION = YES;
				CLANG_WARN_DEPRECATED_OBJC_IMPLEMENTATIONS = YES;
				CLANG_WARN_DIRECT_OBJC_ISA_USAGE = YES_ERROR;
				CLANG_WARN_DOCUMENTATION_COMMENTS = YES;
				CLANG_WARN_EMPTY_BODY = YES;
				CLANG_WARN_ENUM_CONVERSION = YES;
				CLANG_WARN_INFINITE_RECURSION = YES;
				CLANG_WARN_INT_CONVERSION = YES;
				CLANG_WARN_NON_LITERAL_NULL_CONVERSION = YES;
				CLANG_WARN_OBJC_IMPLICIT_RETAIN_SELF = YES;
				CLANG_WARN_OBJC_LITERAL_CONVERSION = YES;
				CLANG_WARN_OBJC_ROOT_CLASS = YES_ERROR;
				CLANG_WARN_RANGE_LOOP_ANALYSIS = YES;
				CLANG_WARN_STRICT_PROTOTYPES = YES;
				CLANG_WARN_SUSPICIOUS_MOVE = YES;
				CLANG_WARN_UNGUARDED_AVAILABILITY = YES_AGGRESSIVE;
				CLANG_WARN_UNREACHABLE_CODE = YES;
				CLANG_WARN__DUPLICATE_METHOD_MATCH = YES;
				COPY_PHASE_STRIP = NO;
				DEBUG_INFORMATION_FORMAT = "dwarf-with-dsym";
				ENABLE_NS_ASSERTIONS = NO;
				ENABLE_STRICT_OBJC_MSGSEND = YES;
				GCC_C_LANGUAGE_STANDARD = gnu11;
				GCC_NO_COMMON_BLOCKS = YES;
				GCC_WARN_64_TO_32_BIT_CONVERSION = YES;
				GCC_WARN_ABOUT_RETURN_TYPE = YES_ERROR;
				GCC_WARN_UNDECLARED_SELECTOR = YES;
				GCC_WARN_UNINITIALIZED_AUTOS = YES_AGGRESSIVE;
				GCC_WARN_UNUSED_FUNCTION = YES;
				GCC_WARN_UNUSED_VARIABLE = YES;
				IPHONEOS_DEPLOYMENT_TARGET = 13.2;
				MTL_ENABLE_DEBUG_INFO = NO;
				MTL_FAST_MATH = YES;
				SDKROOT = iphoneos;
				SWIFT_COMPILATION_MODE = wholemodule;
				SWIFT_OPTIMIZATION_LEVEL = "-O";
				VALIDATE_PRODUCT = YES;
			};
			name = Release;
		};
		C23B982D238CB69A00C68E6D /* Debug */ = {
			isa = XCBuildConfiguration;
			buildSettings = {
				ASSETCATALOG_COMPILER_APPICON_NAME = AppIcon;
				CODE_SIGN_STYLE = Automatic;
				DEVELOPMENT_TEAM = MVGPSPVTNC;
				INFOPLIST_FILE = "Fireworks Night/Info.plist";
				LD_RUNPATH_SEARCH_PATHS = (
					"$(inherited)",
					"@executable_path/Frameworks",
				);
				PRODUCT_BUNDLE_IDENTIFIER = "com.felix.Fireworks-Night";
				PRODUCT_NAME = "$(TARGET_NAME)";
				SWIFT_VERSION = 5.0;
				TARGETED_DEVICE_FAMILY = 2;
			};
			name = Debug;
		};
		C23B982E238CB69A00C68E6D /* Release */ = {
			isa = XCBuildConfiguration;
			buildSettings = {
				ASSETCATALOG_COMPILER_APPICON_NAME = AppIcon;
				CODE_SIGN_STYLE = Automatic;
				DEVELOPMENT_TEAM = MVGPSPVTNC;
				INFOPLIST_FILE = "Fireworks Night/Info.plist";
				LD_RUNPATH_SEARCH_PATHS = (
					"$(inherited)",
					"@executable_path/Frameworks",
				);
				PRODUCT_BUNDLE_IDENTIFIER = "com.felix.Fireworks-Night";
				PRODUCT_NAME = "$(TARGET_NAME)";
				SWIFT_VERSION = 5.0;
				TARGETED_DEVICE_FAMILY = 2;
			};
			name = Release;
		};
/* End XCBuildConfiguration section */

/* Begin XCConfigurationList section */
		C23B980F238CB69900C68E6D /* Build configuration list for PBXProject "Fireworks Night" */ = {
			isa = XCConfigurationList;
			buildConfigurations = (
				C23B982A238CB69A00C68E6D /* Debug */,
				C23B982B238CB69A00C68E6D /* Release */,
			);
			defaultConfigurationIsVisible = 0;
			defaultConfigurationName = Release;
		};
		C23B982C238CB69A00C68E6D /* Build configuration list for PBXNativeTarget "Fireworks Night" */ = {
			isa = XCConfigurationList;
			buildConfigurations = (
				C23B982D238CB69A00C68E6D /* Debug */,
				C23B982E238CB69A00C68E6D /* Release */,
			);
			defaultConfigurationIsVisible = 0;
			defaultConfigurationName = Release;
		};
/* End XCConfigurationList section */
	};
	rootObject = C23B980C238CB69900C68E6D /* Project object */;
}
