// !$*UTF8*$!
{
	archiveVersion = 1;
	classes = {
	};
	objectVersion = 50;
	objects = {

/* Begin PBXBuildFile section */
		A07C2A6F23494A1A00E28361 /* AppDelegate.swift in Sources */ = {isa = PBXBuildFile; fileRef = A07C2A6E23494A1A00E28361 /* AppDelegate.swift */; };
		A07C2A7123494A1A00E28361 /* SceneDelegate.swift in Sources */ = {isa = PBXBuildFile; fileRef = A07C2A7023494A1A00E28361 /* SceneDelegate.swift */; };
		A07C2A7323494A1A00E28361 /* ViewController.swift in Sources */ = {isa = PBXBuildFile; fileRef = A07C2A7223494A1A00E28361 /* ViewController.swift */; };
		A07C2A7623494A1A00E28361 /* Main.storyboard in Resources */ = {isa = PBXBuildFile; fileRef = A07C2A7423494A1A00E28361 /* Main.storyboard */; };
		A07C2A7823494A1C00E28361 /* Assets.xcassets in Resources */ = {isa = PBXBuildFile; fileRef = A07C2A7723494A1C00E28361 /* Assets.xcassets */; };
		A07C2A7B23494A1C00E28361 /* LaunchScreen.storyboard in Resources */ = {isa = PBXBuildFile; fileRef = A07C2A7923494A1C00E28361 /* LaunchScreen.storyboard */; };
		A07C2A9B23494F2600E28361 /* spain@2x.png in Resources */ = {isa = PBXBuildFile; fileRef = A07C2A8323494F2600E28361 /* spain@2x.png */; };
		A07C2A9C23494F2600E28361 /* nigeria@2x.png in Resources */ = {isa = PBXBuildFile; fileRef = A07C2A8423494F2600E28361 /* nigeria@2x.png */; };
		A07C2A9D23494F2600E28361 /* nigeria@3x.png in Resources */ = {isa = PBXBuildFile; fileRef = A07C2A8523494F2600E28361 /* nigeria@3x.png */; };
		A07C2A9E23494F2600E28361 /* spain@3x.png in Resources */ = {isa = PBXBuildFile; fileRef = A07C2A8623494F2600E28361 /* spain@3x.png */; };
		A07C2A9F23494F2600E28361 /* italy@3x.png in Resources */ = {isa = PBXBuildFile; fileRef = A07C2A8723494F2600E28361 /* italy@3x.png */; };
		A07C2AA023494F2600E28361 /* ireland@2x.png in Resources */ = {isa = PBXBuildFile; fileRef = A07C2A8823494F2600E28361 /* ireland@2x.png */; };
		A07C2AA123494F2600E28361 /* germany@3x.png in Resources */ = {isa = PBXBuildFile; fileRef = A07C2A8923494F2600E28361 /* germany@3x.png */; };
		A07C2AA223494F2600E28361 /* germany@2x.png in Resources */ = {isa = PBXBuildFile; fileRef = A07C2A8A23494F2600E28361 /* germany@2x.png */; };
		A07C2AA323494F2600E28361 /* ireland@3x.png in Resources */ = {isa = PBXBuildFile; fileRef = A07C2A8B23494F2600E28361 /* ireland@3x.png */; };
		A07C2AA423494F2600E28361 /* italy@2x.png in Resources */ = {isa = PBXBuildFile; fileRef = A07C2A8C23494F2600E28361 /* italy@2x.png */; };
		A07C2AA523494F2600E28361 /* poland@2x.png in Resources */ = {isa = PBXBuildFile; fileRef = A07C2A8D23494F2600E28361 /* poland@2x.png */; };
		A07C2AA623494F2600E28361 /* russia@2x.png in Resources */ = {isa = PBXBuildFile; fileRef = A07C2A8E23494F2600E28361 /* russia@2x.png */; };
		A07C2AA723494F2600E28361 /* estonia@2x.png in Resources */ = {isa = PBXBuildFile; fileRef = A07C2A8F23494F2600E28361 /* estonia@2x.png */; };
		A07C2AA823494F2600E28361 /* estonia@3x.png in Resources */ = {isa = PBXBuildFile; fileRef = A07C2A9023494F2600E28361 /* estonia@3x.png */; };
		A07C2AA923494F2600E28361 /* russia@3x.png in Resources */ = {isa = PBXBuildFile; fileRef = A07C2A9123494F2600E28361 /* russia@3x.png */; };
		A07C2AAA23494F2600E28361 /* poland@3x.png in Resources */ = {isa = PBXBuildFile; fileRef = A07C2A9223494F2600E28361 /* poland@3x.png */; };
		A07C2AAB23494F2600E28361 /* uk@3x.png in Resources */ = {isa = PBXBuildFile; fileRef = A07C2A9323494F2600E28361 /* uk@3x.png */; };
		A07C2AAC23494F2600E28361 /* us@3x.png in Resources */ = {isa = PBXBuildFile; fileRef = A07C2A9423494F2600E28361 /* us@3x.png */; };
		A07C2AAD23494F2600E28361 /* france@3x.png in Resources */ = {isa = PBXBuildFile; fileRef = A07C2A9523494F2600E28361 /* france@3x.png */; };
		A07C2AAE23494F2600E28361 /* monaco@2x.png in Resources */ = {isa = PBXBuildFile; fileRef = A07C2A9623494F2600E28361 /* monaco@2x.png */; };
		A07C2AAF23494F2600E28361 /* monaco@3x.png in Resources */ = {isa = PBXBuildFile; fileRef = A07C2A9723494F2600E28361 /* monaco@3x.png */; };
		A07C2AB023494F2600E28361 /* france@2x.png in Resources */ = {isa = PBXBuildFile; fileRef = A07C2A9823494F2600E28361 /* france@2x.png */; };
		A07C2AB123494F2600E28361 /* us@2x.png in Resources */ = {isa = PBXBuildFile; fileRef = A07C2A9923494F2600E28361 /* us@2x.png */; };
		A07C2AB223494F2600E28361 /* uk@2x.png in Resources */ = {isa = PBXBuildFile; fileRef = A07C2A9A23494F2600E28361 /* uk@2x.png */; };
		A07C2AB42349503200E28361 /* DetailViewController.swift in Sources */ = {isa = PBXBuildFile; fileRef = A07C2AB32349503200E28361 /* DetailViewController.swift */; };
/* End PBXBuildFile section */

/* Begin PBXFileReference section */
		A07C2A6B23494A1A00E28361 /* Milestone 1.app */ = {isa = PBXFileReference; explicitFileType = wrapper.application; includeInIndex = 0; path = "Milestone 1.app"; sourceTree = BUILT_PRODUCTS_DIR; };
		A07C2A6E23494A1A00E28361 /* AppDelegate.swift */ = {isa = PBXFileReference; lastKnownFileType = sourcecode.swift; path = AppDelegate.swift; sourceTree = "<group>"; };
		A07C2A7023494A1A00E28361 /* SceneDelegate.swift */ = {isa = PBXFileReference; lastKnownFileType = sourcecode.swift; path = SceneDelegate.swift; sourceTree = "<group>"; };
		A07C2A7223494A1A00E28361 /* ViewController.swift */ = {isa = PBXFileReference; lastKnownFileType = sourcecode.swift; path = ViewController.swift; sourceTree = "<group>"; };
		A07C2A7523494A1A00E28361 /* Base */ = {isa = PBXFileReference; lastKnownFileType = file.storyboard; name = Base; path = Base.lproj/Main.storyboard; sourceTree = "<group>"; };
		A07C2A7723494A1C00E28361 /* Assets.xcassets */ = {isa = PBXFileReference; lastKnownFileType = folder.assetcatalog; path = Assets.xcassets; sourceTree = "<group>"; };
		A07C2A7A23494A1C00E28361 /* Base */ = {isa = PBXFileReference; lastKnownFileType = file.storyboard; name = Base; path = Base.lproj/LaunchScreen.storyboard; sourceTree = "<group>"; };
		A07C2A7C23494A1C00E28361 /* Info.plist */ = {isa = PBXFileReference; lastKnownFileType = text.plist.xml; path = Info.plist; sourceTree = "<group>"; };
		A07C2A8323494F2600E28361 /* spain@2x.png */ = {isa = PBXFileReference; lastKnownFileType = image.png; path = "spain@2x.png"; sourceTree = "<group>"; };
		A07C2A8423494F2600E28361 /* nigeria@2x.png */ = {isa = PBXFileReference; lastKnownFileType = image.png; path = "nigeria@2x.png"; sourceTree = "<group>"; };
		A07C2A8523494F2600E28361 /* nigeria@3x.png */ = {isa = PBXFileReference; lastKnownFileType = image.png; path = "nigeria@3x.png"; sourceTree = "<group>"; };
		A07C2A8623494F2600E28361 /* spain@3x.png */ = {isa = PBXFileReference; lastKnownFileType = image.png; path = "spain@3x.png"; sourceTree = "<group>"; };
		A07C2A8723494F2600E28361 /* italy@3x.png */ = {isa = PBXFileReference; lastKnownFileType = image.png; path = "italy@3x.png"; sourceTree = "<group>"; };
		A07C2A8823494F2600E28361 /* ireland@2x.png */ = {isa = PBXFileReference; lastKnownFileType = image.png; path = "ireland@2x.png"; sourceTree = "<group>"; };
		A07C2A8923494F2600E28361 /* germany@3x.png */ = {isa = PBXFileReference; lastKnownFileType = image.png; path = "germany@3x.png"; sourceTree = "<group>"; };
		A07C2A8A23494F2600E28361 /* germany@2x.png */ = {isa = PBXFileReference; lastKnownFileType = image.png; path = "germany@2x.png"; sourceTree = "<group>"; };
		A07C2A8B23494F2600E28361 /* ireland@3x.png */ = {isa = PBXFileReference; lastKnownFileType = image.png; path = "ireland@3x.png"; sourceTree = "<group>"; };
		A07C2A8C23494F2600E28361 /* italy@2x.png */ = {isa = PBXFileReference; lastKnownFileType = image.png; path = "italy@2x.png"; sourceTree = "<group>"; };
		A07C2A8D23494F2600E28361 /* poland@2x.png */ = {isa = PBXFileReference; lastKnownFileType = image.png; path = "poland@2x.png"; sourceTree = "<group>"; };
		A07C2A8E23494F2600E28361 /* russia@2x.png */ = {isa = PBXFileReference; lastKnownFileType = image.png; path = "russia@2x.png"; sourceTree = "<group>"; };
		A07C2A8F23494F2600E28361 /* estonia@2x.png */ = {isa = PBXFileReference; lastKnownFileType = image.png; path = "estonia@2x.png"; sourceTree = "<group>"; };
		A07C2A9023494F2600E28361 /* estonia@3x.png */ = {isa = PBXFileReference; lastKnownFileType = image.png; path = "estonia@3x.png"; sourceTree = "<group>"; };
		A07C2A9123494F2600E28361 /* russia@3x.png */ = {isa = PBXFileReference; lastKnownFileType = image.png; path = "russia@3x.png"; sourceTree = "<group>"; };
		A07C2A9223494F2600E28361 /* poland@3x.png */ = {isa = PBXFileReference; lastKnownFileType = image.png; path = "poland@3x.png"; sourceTree = "<group>"; };
		A07C2A9323494F2600E28361 /* uk@3x.png */ = {isa = PBXFileReference; lastKnownFileType = image.png; path = "uk@3x.png"; sourceTree = "<group>"; };
		A07C2A9423494F2600E28361 /* us@3x.png */ = {isa = PBXFileReference; lastKnownFileType = image.png; path = "us@3x.png"; sourceTree = "<group>"; };
		A07C2A9523494F2600E28361 /* france@3x.png */ = {isa = PBXFileReference; lastKnownFileType = image.png; path = "france@3x.png"; sourceTree = "<group>"; };
		A07C2A9623494F2600E28361 /* monaco@2x.png */ = {isa = PBXFileReference; lastKnownFileType = image.png; path = "monaco@2x.png"; sourceTree = "<group>"; };
		A07C2A9723494F2600E28361 /* monaco@3x.png */ = {isa = PBXFileReference; lastKnownFileType = image.png; path = "monaco@3x.png"; sourceTree = "<group>"; };
		A07C2A9823494F2600E28361 /* france@2x.png */ = {isa = PBXFileReference; lastKnownFileType = image.png; path = "france@2x.png"; sourceTree = "<group>"; };
		A07C2A9923494F2600E28361 /* us@2x.png */ = {isa = PBXFileReference; lastKnownFileType = image.png; path = "us@2x.png"; sourceTree = "<group>"; };
		A07C2A9A23494F2600E28361 /* uk@2x.png */ = {isa = PBXFileReference; lastKnownFileType = image.png; path = "uk@2x.png"; sourceTree = "<group>"; };
		A07C2AB32349503200E28361 /* DetailViewController.swift */ = {isa = PBXFileReference; lastKnownFileType = sourcecode.swift; path = DetailViewController.swift; sourceTree = "<group>"; };
/* End PBXFileReference section */

/* Begin PBXFrameworksBuildPhase section */
		A07C2A6823494A1A00E28361 /* Frameworks */ = {
			isa = PBXFrameworksBuildPhase;
			buildActionMask = 2147483647;
			files = (
			);
			runOnlyForDeploymentPostprocessing = 0;
		};
/* End PBXFrameworksBuildPhase section */

/* Begin PBXGroup section */
		A07C2A6223494A1A00E28361 = {
			isa = PBXGroup;
			children = (
				A07C2A6D23494A1A00E28361 /* Milestone 1 */,
				A07C2A6C23494A1A00E28361 /* Products */,
			);
			sourceTree = "<group>";
		};
		A07C2A6C23494A1A00E28361 /* Products */ = {
			isa = PBXGroup;
			children = (
				A07C2A6B23494A1A00E28361 /* Milestone 1.app */,
			);
			name = Products;
			sourceTree = "<group>";
		};
		A07C2A6D23494A1A00E28361 /* Milestone 1 */ = {
			isa = PBXGroup;
			children = (
				A07C2A6E23494A1A00E28361 /* AppDelegate.swift */,
				A07C2A7023494A1A00E28361 /* SceneDelegate.swift */,
				A07C2A7223494A1A00E28361 /* ViewController.swift */,
				A07C2AB32349503200E28361 /* DetailViewController.swift */,
				A07C2A7423494A1A00E28361 /* Main.storyboard */,
				A07C2A7723494A1C00E28361 /* Assets.xcassets */,
				A07C2A7923494A1C00E28361 /* LaunchScreen.storyboard */,
				A07C2A7C23494A1C00E28361 /* Info.plist */,
				A07C2A8223494F2600E28361 /* Contents */,
			);
			path = "Milestone 1";
			sourceTree = "<group>";
		};
		A07C2A8223494F2600E28361 /* Contents */ = {
			isa = PBXGroup;
			children = (
				A07C2A8323494F2600E28361 /* spain@2x.png */,
				A07C2A8423494F2600E28361 /* nigeria@2x.png */,
				A07C2A8523494F2600E28361 /* nigeria@3x.png */,
				A07C2A8623494F2600E28361 /* spain@3x.png */,
				A07C2A8723494F2600E28361 /* italy@3x.png */,
				A07C2A8823494F2600E28361 /* ireland@2x.png */,
				A07C2A8923494F2600E28361 /* germany@3x.png */,
				A07C2A8A23494F2600E28361 /* germany@2x.png */,
				A07C2A8B23494F2600E28361 /* ireland@3x.png */,
				A07C2A8C23494F2600E28361 /* italy@2x.png */,
				A07C2A8D23494F2600E28361 /* poland@2x.png */,
				A07C2A8E23494F2600E28361 /* russia@2x.png */,
				A07C2A8F23494F2600E28361 /* estonia@2x.png */,
				A07C2A9023494F2600E28361 /* estonia@3x.png */,
				A07C2A9123494F2600E28361 /* russia@3x.png */,
				A07C2A9223494F2600E28361 /* poland@3x.png */,
				A07C2A9323494F2600E28361 /* uk@3x.png */,
				A07C2A9423494F2600E28361 /* us@3x.png */,
				A07C2A9523494F2600E28361 /* france@3x.png */,
				A07C2A9623494F2600E28361 /* monaco@2x.png */,
				A07C2A9723494F2600E28361 /* monaco@3x.png */,
				A07C2A9823494F2600E28361 /* france@2x.png */,
				A07C2A9923494F2600E28361 /* us@2x.png */,
				A07C2A9A23494F2600E28361 /* uk@2x.png */,
			);
			path = Contents;
			sourceTree = "<group>";
		};
/* End PBXGroup section */

/* Begin PBXNativeTarget section */
		A07C2A6A23494A1A00E28361 /* Milestone 1 */ = {
			isa = PBXNativeTarget;
			buildConfigurationList = A07C2A7F23494A1C00E28361 /* Build configuration list for PBXNativeTarget "Milestone 1" */;
			buildPhases = (
				A07C2A6723494A1A00E28361 /* Sources */,
				A07C2A6823494A1A00E28361 /* Frameworks */,
				A07C2A6923494A1A00E28361 /* Resources */,
			);
			buildRules = (
			);
			dependencies = (
			);
			name = "Milestone 1";
			productName = "Milestone 1";
			productReference = A07C2A6B23494A1A00E28361 /* Milestone 1.app */;
			productType = "com.apple.product-type.application";
		};
/* End PBXNativeTarget section */

/* Begin PBXProject section */
		A07C2A6323494A1A00E28361 /* Project object */ = {
			isa = PBXProject;
			attributes = {
				LastSwiftUpdateCheck = 1100;
				LastUpgradeCheck = 1100;
				ORGANIZATIONNAME = "Felix Lin";
				TargetAttributes = {
					A07C2A6A23494A1A00E28361 = {
						CreatedOnToolsVersion = 11.0;
					};
				};
			};
			buildConfigurationList = A07C2A6623494A1A00E28361 /* Build configuration list for PBXProject "Milestone 1" */;
			compatibilityVersion = "Xcode 9.3";
			developmentRegion = en;
			hasScannedForEncodings = 0;
			knownRegions = (
				en,
				Base,
			);
			mainGroup = A07C2A6223494A1A00E28361;
			productRefGroup = A07C2A6C23494A1A00E28361 /* Products */;
			projectDirPath = "";
			projectRoot = "";
			targets = (
				A07C2A6A23494A1A00E28361 /* Milestone 1 */,
			);
		};
/* End PBXProject section */

/* Begin PBXResourcesBuildPhase section */
		A07C2A6923494A1A00E28361 /* Resources */ = {
			isa = PBXResourcesBuildPhase;
			buildActionMask = 2147483647;
			files = (
				A07C2AAF23494F2600E28361 /* monaco@3x.png in Resources */,
				A07C2A9C23494F2600E28361 /* nigeria@2x.png in Resources */,
				A07C2AB123494F2600E28361 /* us@2x.png in Resources */,
				A07C2A9D23494F2600E28361 /* nigeria@3x.png in Resources */,
				A07C2AAA23494F2600E28361 /* poland@3x.png in Resources */,
				A07C2AAB23494F2600E28361 /* uk@3x.png in Resources */,
				A07C2AB023494F2600E28361 /* france@2x.png in Resources */,
				A07C2AA423494F2600E28361 /* italy@2x.png in Resources */,
				A07C2A9B23494F2600E28361 /* spain@2x.png in Resources */,
				A07C2AA123494F2600E28361 /* germany@3x.png in Resources */,
				A07C2A7B23494A1C00E28361 /* LaunchScreen.storyboard in Resources */,
				A07C2AA523494F2600E28361 /* poland@2x.png in Resources */,
				A07C2A7823494A1C00E28361 /* Assets.xcassets in Resources */,
				A07C2A9F23494F2600E28361 /* italy@3x.png in Resources */,
				A07C2AA823494F2600E28361 /* estonia@3x.png in Resources */,
				A07C2AAE23494F2600E28361 /* monaco@2x.png in Resources */,
				A07C2A7623494A1A00E28361 /* Main.storyboard in Resources */,
				A07C2AA023494F2600E28361 /* ireland@2x.png in Resources */,
				A07C2AA223494F2600E28361 /* germany@2x.png in Resources */,
				A07C2AAC23494F2600E28361 /* us@3x.png in Resources */,
				A07C2A9E23494F2600E28361 /* spain@3x.png in Resources */,
				A07C2AA623494F2600E28361 /* russia@2x.png in Resources */,
				A07C2AA723494F2600E28361 /* estonia@2x.png in Resources */,
				A07C2AA923494F2600E28361 /* russia@3x.png in Resources */,
				A07C2AB223494F2600E28361 /* uk@2x.png in Resources */,
				A07C2AAD23494F2600E28361 /* france@3x.png in Resources */,
				A07C2AA323494F2600E28361 /* ireland@3x.png in Resources */,
			);
			runOnlyForDeploymentPostprocessing = 0;
		};
/* End PBXResourcesBuildPhase section */

/* Begin PBXSourcesBuildPhase section */
		A07C2A6723494A1A00E28361 /* Sources */ = {
			isa = PBXSourcesBuildPhase;
			buildActionMask = 2147483647;
			files = (
				A07C2A7323494A1A00E28361 /* ViewController.swift in Sources */,
				A07C2A6F23494A1A00E28361 /* AppDelegate.swift in Sources */,
				A07C2A7123494A1A00E28361 /* SceneDelegate.swift in Sources */,
				A07C2AB42349503200E28361 /* DetailViewController.swift in Sources */,
			);
			runOnlyForDeploymentPostprocessing = 0;
		};
/* End PBXSourcesBuildPhase section */

/* Begin PBXVariantGroup section */
		A07C2A7423494A1A00E28361 /* Main.storyboard */ = {
			isa = PBXVariantGroup;
			children = (
				A07C2A7523494A1A00E28361 /* Base */,
			);
			name = Main.storyboard;
			sourceTree = "<group>";
		};
		A07C2A7923494A1C00E28361 /* LaunchScreen.storyboard */ = {
			isa = PBXVariantGroup;
			children = (
				A07C2A7A23494A1C00E28361 /* Base */,
			);
			name = LaunchScreen.storyboard;
			sourceTree = "<group>";
		};
/* End PBXVariantGroup section */

/* Begin XCBuildConfiguration section */
		A07C2A7D23494A1C00E28361 /* Debug */ = {
			isa = XCBuildConfiguration;
			buildSettings = {
				ALWAYS_SEARCH_USER_PATHS = NO;
				CLANG_ANALYZER_NONNULL = YES;
				CLANG_ANALYZER_NUMBER_OBJECT_CONVERSION = YES_AGGRESSIVE;
				CLANG_CXX_LANGUAGE_STANDARD = "gnu++14";
				CLANG_CXX_LIBRARY = "libc++";
				CLANG_ENABLE_MODULES = YES;
				CLANG_ENABLE_OBJC_ARC = YES;
				CLANG_ENABLE_OBJC_WEAK = YES;
				CLANG_WARN_BLOCK_CAPTURE_AUTORELEASING = YES;
				CLANG_WARN_BOOL_CONVERSION = YES;
				CLANG_WARN_COMMA = YES;
				CLANG_WARN_CONSTANT_CONVERSION = YES;
				CLANG_WARN_DEPRECATED_OBJC_IMPLEMENTATIONS = YES;
				CLANG_WARN_DIRECT_OBJC_ISA_USAGE = YES_ERROR;
				CLANG_WARN_DOCUMENTATION_COMMENTS = YES;
				CLANG_WARN_EMPTY_BODY = YES;
				CLANG_WARN_ENUM_CONVERSION = YES;
				CLANG_WARN_INFINITE_RECURSION = YES;
				CLANG_WARN_INT_CONVERSION = YES;
				CLANG_WARN_NON_LITERAL_NULL_CONVERSION = YES;
				CLANG_WARN_OBJC_IMPLICIT_RETAIN_SELF = YES;
				CLANG_WARN_OBJC_LITERAL_CONVERSION = YES;
				CLANG_WARN_OBJC_ROOT_CLASS = YES_ERROR;
				CLANG_WARN_RANGE_LOOP_ANALYSIS = YES;
				CLANG_WARN_STRICT_PROTOTYPES = YES;
				CLANG_WARN_SUSPICIOUS_MOVE = YES;
				CLANG_WARN_UNGUARDED_AVAILABILITY = YES_AGGRESSIVE;
				CLANG_WARN_UNREACHABLE_CODE = YES;
				CLANG_WARN__DUPLICATE_METHOD_MATCH = YES;
				COPY_PHASE_STRIP = NO;
				DEBUG_INFORMATION_FORMAT = dwarf;
				ENABLE_STRICT_OBJC_MSGSEND = YES;
				ENABLE_TESTABILITY = YES;
				GCC_C_LANGUAGE_STANDARD = gnu11;
				GCC_DYNAMIC_NO_PIC = NO;
				GCC_NO_COMMON_BLOCKS = YES;
				GCC_OPTIMIZATION_LEVEL = 0;
				GCC_PREPROCESSOR_DEFINITIONS = (
					"DEBUG=1",
					"$(inherited)",
				);
				GCC_WARN_64_TO_32_BIT_CONVERSION = YES;
				GCC_WARN_ABOUT_RETURN_TYPE = YES_ERROR;
				GCC_WARN_UNDECLARED_SELECTOR = YES;
				GCC_WARN_UNINITIALIZED_AUTOS = YES_AGGRESSIVE;
				GCC_WARN_UNUSED_FUNCTION = YES;
				GCC_WARN_UNUSED_VARIABLE = YES;
				IPHONEOS_DEPLOYMENT_TARGET = 13.0;
				MTL_ENABLE_DEBUG_INFO = INCLUDE_SOURCE;
				MTL_FAST_MATH = YES;
				ONLY_ACTIVE_ARCH = YES;
				SDKROOT = iphoneos;
				SWIFT_ACTIVE_COMPILATION_CONDITIONS = DEBUG;
				SWIFT_OPTIMIZATION_LEVEL = "-Onone";
			};
			name = Debug;
		};
		A07C2A7E23494A1C00E28361 /* Release */ = {
			isa = XCBuildConfiguration;
			buildSettings = {
				ALWAYS_SEARCH_USER_PATHS = NO;
				CLANG_ANALYZER_NONNULL = YES;
				CLANG_ANALYZER_NUMBER_OBJECT_CONVERSION = YES_AGGRESSIVE;
				CLANG_CXX_LANGUAGE_STANDARD = "gnu++14";
				CLANG_CXX_LIBRARY = "libc++";
				CLANG_ENABLE_MODULES = YES;
				CLANG_ENABLE_OBJC_ARC = YES;
				CLANG_ENABLE_OBJC_WEAK = YES;
				CLANG_WARN_BLOCK_CAPTURE_AUTORELEASING = YES;
				CLANG_WARN_BOOL_CONVERSION = YES;
				CLANG_WARN_COMMA = YES;
				CLANG_WARN_CONSTANT_CONVERSION = YES;
				CLANG_WARN_DEPRECATED_OBJC_IMPLEMENTATIONS = YES;
				CLANG_WARN_DIRECT_OBJC_ISA_USAGE = YES_ERROR;
				CLANG_WARN_DOCUMENTATION_COMMENTS = YES;
				CLANG_WARN_EMPTY_BODY = YES;
				CLANG_WARN_ENUM_CONVERSION = YES;
				CLANG_WARN_INFINITE_RECURSION = YES;
				CLANG_WARN_INT_CONVERSION = YES;
				CLANG_WARN_NON_LITERAL_NULL_CONVERSION = YES;
				CLANG_WARN_OBJC_IMPLICIT_RETAIN_SELF = YES;
				CLANG_WARN_OBJC_LITERAL_CONVERSION = YES;
				CLANG_WARN_OBJC_ROOT_CLASS = YES_ERROR;
				CLANG_WARN_RANGE_LOOP_ANALYSIS = YES;
				CLANG_WARN_STRICT_PROTOTYPES = YES;
				CLANG_WARN_SUSPICIOUS_MOVE = YES;
				CLANG_WARN_UNGUARDED_AVAILABILITY = YES_AGGRESSIVE;
				CLANG_WARN_UNREACHABLE_CODE = YES;
				CLANG_WARN__DUPLICATE_METHOD_MATCH = YES;
				COPY_PHASE_STRIP = NO;
				DEBUG_INFORMATION_FORMAT = "dwarf-with-dsym";
				ENABLE_NS_ASSERTIONS = NO;
				ENABLE_STRICT_OBJC_MSGSEND = YES;
				GCC_C_LANGUAGE_STANDARD = gnu11;
				GCC_NO_COMMON_BLOCKS = YES;
				GCC_WARN_64_TO_32_BIT_CONVERSION = YES;
				GCC_WARN_ABOUT_RETURN_TYPE = YES_ERROR;
				GCC_WARN_UNDECLARED_SELECTOR = YES;
				GCC_WARN_UNINITIALIZED_AUTOS = YES_AGGRESSIVE;
				GCC_WARN_UNUSED_FUNCTION = YES;
				GCC_WARN_UNUSED_VARIABLE = YES;
				IPHONEOS_DEPLOYMENT_TARGET = 13.0;
				MTL_ENABLE_DEBUG_INFO = NO;
				MTL_FAST_MATH = YES;
				SDKROOT = iphoneos;
				SWIFT_COMPILATION_MODE = wholemodule;
				SWIFT_OPTIMIZATION_LEVEL = "-O";
				VALIDATE_PRODUCT = YES;
			};
			name = Release;
		};
		A07C2A8023494A1C00E28361 /* Debug */ = {
			isa = XCBuildConfiguration;
			buildSettings = {
				ASSETCATALOG_COMPILER_APPICON_NAME = AppIcon;
				CODE_SIGN_STYLE = Automatic;
				DEVELOPMENT_TEAM = MVGPSPVTNC;
				INFOPLIST_FILE = "Milestone 1/Info.plist";
				LD_RUNPATH_SEARCH_PATHS = (
					"$(inherited)",
					"@executable_path/Frameworks",
				);
				PRODUCT_BUNDLE_IDENTIFIER = "com.felix.Milestone-1";
				PRODUCT_NAME = "$(TARGET_NAME)";
				SWIFT_VERSION = 5.0;
				TARGETED_DEVICE_FAMILY = "1,2";
			};
			name = Debug;
		};
		A07C2A8123494A1C00E28361 /* Release */ = {
			isa = XCBuildConfiguration;
			buildSettings = {
				ASSETCATALOG_COMPILER_APPICON_NAME = AppIcon;
				CODE_SIGN_STYLE = Automatic;
				DEVELOPMENT_TEAM = MVGPSPVTNC;
				INFOPLIST_FILE = "Milestone 1/Info.plist";
				LD_RUNPATH_SEARCH_PATHS = (
					"$(inherited)",
					"@executable_path/Frameworks",
				);
				PRODUCT_BUNDLE_IDENTIFIER = "com.felix.Milestone-1";
				PRODUCT_NAME = "$(TARGET_NAME)";
				SWIFT_VERSION = 5.0;
				TARGETED_DEVICE_FAMILY = "1,2";
			};
			name = Release;
		};
/* End XCBuildConfiguration section */

/* Begin XCConfigurationList section */
		A07C2A6623494A1A00E28361 /* Build configuration list for PBXProject "Milestone 1" */ = {
			isa = XCConfigurationList;
			buildConfigurations = (
				A07C2A7D23494A1C00E28361 /* Debug */,
				A07C2A7E23494A1C00E28361 /* Release */,
			);
			defaultConfigurationIsVisible = 0;
			defaultConfigurationName = Release;
		};
		A07C2A7F23494A1C00E28361 /* Build configuration list for PBXNativeTarget "Milestone 1" */ = {
			isa = XCConfigurationList;
			buildConfigurations = (
				A07C2A8023494A1C00E28361 /* Debug */,
				A07C2A8123494A1C00E28361 /* Release */,
			);
			defaultConfigurationIsVisible = 0;
			defaultConfigurationName = Release;
		};
/* End XCConfigurationList section */
	};
	rootObject = A07C2A6323494A1A00E28361 /* Project object */;
}
